
Microsoft Visual Studio Solution File, Format Version 12.00
# Visual Studio Version 17
VisualStudioVersion = 17.6.33712.159
MinimumVisualStudioVersion = 10.0.40219.1
Project("{9A19103F-16F7-4668-BE54-9A1E7A4F7556}") = "Hello", "Hello\Hello.csproj", "{78EE0EE0-2A6D-4991-AEA7-BA5BA284DF94}"
EndProject
Project("{9A19103F-16F7-4668-BE54-9A1E7A4F7556}") = "NullablesApp", "NullablesApp\NullablesApp.csproj", "{C28CE3B3-B019-4DF5-8453-EB31EBEF29FC}"
EndProject
Project("{9A19103F-16F7-4668-BE54-9A1E7A4F7556}") = "PrimitivesApp", "PrimitivesApp\PrimitivesApp.csproj", "{5807BCA7-407E-45C4-963A-AFBEF5B87651}"
EndProject
Project("{9A19103F-16F7-4668-BE54-9A1E7A4F7556}") = "ReadApp", "ReadApp\ReadApp.csproj", "{2B970C9C-B093-406B-98E8-8E002E130F73}"
EndProject
Project("{9A19103F-16F7-4668-BE54-9A1E7A4F7556}") = "DeclareExprPrintApp", "DeclareExprPrintApp\DeclareExprPrintApp.csproj", "{8F102369-5884-4FED-AE28-F2351ED40A3A}"
EndProject
Project("{9A19103F-16F7-4668-BE54-9A1E7A4F7556}") = "FloatDoubleApp", "FloatDoubleApp\FloatDoubleApp.csproj", "{9253B183-1902-48CB-B585-2A2FD6CBEA30}"
EndProject
Project("{9A19103F-16F7-4668-BE54-9A1E7A4F7556}") = "RightTriangleApp", "RightTriangleApp\RightTriangleApp.csproj", "{8A2953D4-FB73-409D-B769-AD75117432BA}"
EndProject
Project("{9A19103F-16F7-4668-BE54-9A1E7A4F7556}") = "EuroToDollarApp", "EuroToDollarApp\EuroToDollarApp.csproj", "{737C1254-0653-4E4E-BFDA-56FEA28AE696}"
EndProject
Project("{9A19103F-16F7-4668-BE54-9A1E7A4F7556}") = "SecondsToDaysHoursMinsSecsApp", "SecondsToDaysHoursMinsSecsApp\SecondsToDaysHoursMinsSecsApp.csproj", "{4B34B835-05AD-4BD8-8824-1AA7F3B8CC0B}"
EndProject
Project("{9A19103F-16F7-4668-BE54-9A1E7A4F7556}") = "DaysHoursMinutesSecondsToSecondsApp", "DaysHoursMinutesSecondsToSecondsApp\DaysHoursMinutesSecondsToSecondsApp.csproj", "{321037E4-DA42-4430-B0A2-670A4505F6AD}"
EndProject
Project("{9A19103F-16F7-4668-BE54-9A1E7A4F7556}") = "FactorialApp", "FactorialApp\FactorialApp.csproj", "{0C4D24A0-6853-4EC2-BF2B-38DD798FCD5D}"
EndProject
Project("{9A19103F-16F7-4668-BE54-9A1E7A4F7556}") = "ForApp", "ForApp\ForApp.csproj", "{D1A2940C-16FC-43AB-8180-93BC4DFC4642}"
EndProject
Project("{9A19103F-16F7-4668-BE54-9A1E7A4F7556}") = "StarsApp", "StarsApp\StarsApp.csproj", "{CC503BB5-81E8-4210-846D-000F8175A53B}"
EndProject
Project("{9A19103F-16F7-4668-BE54-9A1E7A4F7556}") = "CharReadApp", "CharReadApp\CharReadApp.csproj", "{D31EAD04-6766-4803-B6FF-BF8DD23ED98C}"
EndProject
Project("{9A19103F-16F7-4668-BE54-9A1E7A4F7556}") = "GradesApp", "GradesApp\GradesApp.csproj", "{62D4DF3C-0408-47B1-BCD8-3570591A9DFF}"
EndProject
Project("{9A19103F-16F7-4668-BE54-9A1E7A4F7556}") = "WhileAddMulApp", "WhileAddMulApp\WhileAddMulApp.csproj", "{4DF7E248-E053-45C6-A7D0-3586CAAFE98A}"
EndProject
Project("{9A19103F-16F7-4668-BE54-9A1E7A4F7556}") = "BigIntegerApp", "BigIntegerApp\BigIntegerApp.csproj", "{0FFE30A1-31E4-44D9-8AF4-8D2A77A5BB15}"
EndProject
Project("{9A19103F-16F7-4668-BE54-9A1E7A4F7556}") = "IgnorePositivesApp", "IgnorePositivesApp\IgnorePositivesApp.csproj", "{61A0E7AB-5234-4E13-AB47-8F2CDF8B1D17}"
EndProject
Project("{9A19103F-16F7-4668-BE54-9A1E7A4F7556}") = "DigitsCountApp", "DigitsCountApp\DigitsCountApp.csproj", "{67946EFE-8C33-442A-8F0F-8F2F666FE779}"
EndProject
Project("{9A19103F-16F7-4668-BE54-9A1E7A4F7556}") = "FactorialRecursiveApp", "FactorialRecursiveApp\FactorialRecursiveApp.csproj", "{CF5BF9BE-75A7-4AF3-ACF4-75CDFA25D12C}"
EndProject
Project("{9A19103F-16F7-4668-BE54-9A1E7A4F7556}") = "LeapYearApp", "LeapYearApp\LeapYearApp.csproj", "{BA901C48-740E-49A0-B2A1-5DAD7DEAC9C4}"
EndProject
Project("{9A19103F-16F7-4668-BE54-9A1E7A4F7556}") = "SwitchApp", "SwitchApp\SwitchApp.csproj", "{0732FC5F-BAC4-4F2F-9EAD-C2A6B6543729}"
EndProject
Project("{9A19103F-16F7-4668-BE54-9A1E7A4F7556}") = "SwitchFallThroughApp", "SwitchFallThroughApp\SwitchFallThroughApp.csproj", "{B1C4DC80-CB32-4146-9280-FE4B2E122022}"
EndProject
Project("{9A19103F-16F7-4668-BE54-9A1E7A4F7556}") = "PrimesApp", "PrimesApp\PrimesApp.csproj", "{F5E4B02B-5059-46BC-9D1D-C080FA6F0759}"
EndProject
Project("{9A19103F-16F7-4668-BE54-9A1E7A4F7556}") = "FiboApp", "FiboApp\FiboApp.csproj", "{BEB8DE04-1E12-4BBE-A87B-BD4D732A69E8}"
EndProject
Project("{9A19103F-16F7-4668-BE54-9A1E7A4F7556}") = "PrintDigitApp", "PrintDigitApp\PrintDigitApp.csproj", "{70FBD63F-09C8-4338-8D0A-6C6DE5894D99}"
EndProject
Project("{9A19103F-16F7-4668-BE54-9A1E7A4F7556}") = "ArraysApp", "ArraysApp\ArraysApp.csproj", "{B2BFB3CE-C985-4947-AC4A-95EA5B6E533E}"
EndProject
Project("{9A19103F-16F7-4668-BE54-9A1E7A4F7556}") = "SearchApp", "SearchApp\SearchApp.csproj", "{B0F6C505-BCF9-4E94-A870-6F6A3C7E17DA}"
EndProject
Project("{9A19103F-16F7-4668-BE54-9A1E7A4F7556}") = "SymmetricArrayApp", "SymmetricArrayApp\SymmetricArrayApp.csproj", "{DD4BB5B2-1367-4D64-8149-253FC19E93D8}"
EndProject
Project("{9A19103F-16F7-4668-BE54-9A1E7A4F7556}") = "TwoDimentionalArraysApp", "TwoDimentionalArraysApp\TwoDimentionalArraysApp.csproj", "{E13147D7-A56E-42D2-8D96-2CB9DDC0CC59}"
EndProject
Project("{9A19103F-16F7-4668-BE54-9A1E7A4F7556}") = "Max2x2SubArrayApp", "Max2x2SubArrayApp\Max2x2SubArrayApp.csproj", "{C1133019-B7FE-461E-83D9-FDFEA71719CD}"
EndProject
Project("{9A19103F-16F7-4668-BE54-9A1E7A4F7556}") = "JaggedArraysApp", "JaggedArraysApp\JaggedArraysApp.csproj", "{06E9435D-F334-493C-AFBF-4C9EEA55BDB8}"
EndProject
Project("{9A19103F-16F7-4668-BE54-9A1E7A4F7556}") = "PascalTriangleApp", "PascalTriangleApp\PascalTriangleApp.csproj", "{7535DA8D-0DC5-464A-A57C-6769CB6B5A8D}"
EndProject
Project("{9A19103F-16F7-4668-BE54-9A1E7A4F7556}") = "StringApp", "StringApp\StringApp.csproj", "{76D20284-1A65-4BD1-ABB3-DEE986B8281F}"
EndProject
Project("{9A19103F-16F7-4668-BE54-9A1E7A4F7556}") = "NullableStrApp", "NullableStrApp\NullableStrApp.csproj", "{97139975-8D09-4D9B-AA5F-8B99AC96BFE6}"
EndProject
Project("{9A19103F-16F7-4668-BE54-9A1E7A4F7556}") = "StringBuilderApp", "StringBuilderApp\StringBuilderApp.csproj", "{ACDE329F-0745-4F84-BB9D-E1A48664CB84}"
EndProject
Project("{9A19103F-16F7-4668-BE54-9A1E7A4F7556}") = "SwapApp", "SwapApp\SwapApp.csproj", "{0F0D2368-0585-4216-B5B8-C8A283D6C5C9}"
EndProject
Project("{9A19103F-16F7-4668-BE54-9A1E7A4F7556}") = "ArgsApp", "ArgsApp\ArgsApp.csproj", "{F12B48AF-E0EA-4471-B1A1-54AF6457FC78}"
EndProject
Project("{9A19103F-16F7-4668-BE54-9A1E7A4F7556}") = "RegExApp", "RegExApp\RegExApp.csproj", "{AC634256-8E7E-4252-94EA-07017AC21115}"
EndProject
Project("{9A19103F-16F7-4668-BE54-9A1E7A4F7556}") = "SwapTuplesApp", "SwapTuplesApp\SwapTuplesApp.csproj", "{7E694549-995C-4AA6-8CBB-2A5F5649C2FB}"
EndProject
Project("{8BC9CEB8-8B4A-11D0-8D11-00A0C91BC942}") = "SwapAppCpp", "SwapAppCpp\SwapAppCpp.vcxproj", "{8FA6BD28-477F-4E50-AABD-BF0EAB7D7AE8}"
EndProject
Project("{9A19103F-16F7-4668-BE54-9A1E7A4F7556}") = "OptionalParamsApp", "OptionalParamsApp\OptionalParamsApp.csproj", "{A7D3EE8A-F531-46FA-A765-6A0E778E7CCD}"
EndProject
Project("{9A19103F-16F7-4668-BE54-9A1E7A4F7556}") = "ExceptionApp", "ExceptionApp\ExceptionApp.csproj", "{DCDD43B6-BD4A-49AB-9E25-0EF318353568}"
EndProject
Project("{9A19103F-16F7-4668-BE54-9A1E7A4F7556}") = "StudentApp", "StudentApp\StudentApp.csproj", "{A5343DC9-D818-4E85-830E-3AB1B3EEF36A}"
EndProject
Project("{9A19103F-16F7-4668-BE54-9A1E7A4F7556}") = "Student2App", "Student2App\Student2App.csproj", "{525328B8-4586-474C-B3E9-9A24C7D5B524}"
EndProject
Project("{9A19103F-16F7-4668-BE54-9A1E7A4F7556}") = "StudentFinalApp", "StudentFinalApp\StudentFinalApp.csproj", "{193657DA-0AD1-4151-8D6E-5608A1BB9F41}"
EndProject
Project("{9A19103F-16F7-4668-BE54-9A1E7A4F7556}") = "AccountApp", "AccountApp\AccountApp.csproj", "{3EAD1073-79C7-4F17-A3D2-94C463AE53E2}"
EndProject
Project("{9A19103F-16F7-4668-BE54-9A1E7A4F7556}") = "PointApp", "PointApp\PointApp.csproj", "{FFD83A21-C9D6-4687-8B16-9B56B7A46BBF}"
EndProject
Project("{9A19103F-16F7-4668-BE54-9A1E7A4F7556}") = "Student4App", "Student4App\Student4App.csproj", "{0A824EC8-62A7-4280-8260-10AEAF6E57C7}"
EndProject
Project("{9A19103F-16F7-4668-BE54-9A1E7A4F7556}") = "OperatorOverloadingApp", "OperatorOverloadingApp\OperatorOverloadingApp.csproj", "{1900AD5D-060C-4CEA-9775-107DD68BCE1B}"
EndProject
Project("{9A19103F-16F7-4668-BE54-9A1E7A4F7556}") = "PointInterfaceApp", "PointInterfaceApp\PointInterfaceApp.csproj", "{B0C38C6A-32D7-459F-A3C2-582BD928B1EF}"
EndProject
Project("{9A19103F-16F7-4668-BE54-9A1E7A4F7556}") = "PointMVCMonolithicApp", "PointMVCMonolithicApp\PointMVCMonolithicApp.csproj", "{F505D50F-1D8E-4E5C-96E8-9E062436B1ED}"
EndProject
Project("{9A19103F-16F7-4668-BE54-9A1E7A4F7556}") = "PointSOAApp", "PointSOAApp\PointSOAApp.csproj", "{51FA07D5-BBC2-4D67-A21E-77E3542713FB}"
EndProject
Project("{9A19103F-16F7-4668-BE54-9A1E7A4F7556}") = "ComparerApp", "ComparerApp\ComparerApp.csproj", "{45CA80E8-95A0-488F-B127-CAB9C37BCD75}"
EndProject
Project("{9A19103F-16F7-4668-BE54-9A1E7A4F7556}") = "DictionaryStudentApp", "DictionaryStudentApp\DictionaryStudentApp.csproj", "{F0C26254-76CB-483B-A651-2FC4D13A9254}"
EndProject
Project("{9A19103F-16F7-4668-BE54-9A1E7A4F7556}") = "AbstractClassesApp", "AbstractClassesApp\AbstractClassesApp.csproj", "{EA7865EF-6DB2-4134-B54C-B97AD46C18E2}"
EndProject
Project("{9A19103F-16F7-4668-BE54-9A1E7A4F7556}") = "ShapesApp", "ShapesApp\ShapesApp.csproj", "{074D347C-B2E6-451E-B30C-F7E267381A79}"
EndProject
Project("{9A19103F-16F7-4668-BE54-9A1E7A4F7556}") = "HStudentSOAApp", "HStudentSOAApp\HStudentSOAApp.csproj", "{3511A216-D240-486A-A566-8EE352416E5F}"
EndProject
Project("{FAE04EC0-301F-11D3-BF4B-00C04F79EFBC}") = "StackApp", "StackApp\StackApp.csproj", "{B6FE1935-3FC8-4A8A-A405-DF50797B9DB3}"
EndProject
Project("{FAE04EC0-301F-11D3-BF4B-00C04F79EFBC}") = "SinglyLinkedList", "SinglyLinkedList\SinglyLinkedList.csproj", "{2DA1E808-D480-4FCE-BD60-3B1A6D421169}"
EndProject
Project("{FAE04EC0-301F-11D3-BF4B-00C04F79EFBC}") = "DoublyLinkedList", "DoublyLinkedList\DoublyLinkedList.csproj", "{634E79C0-9CC3-4ECB-8853-85EE5EEC48E2}"
EndProject
Global
	GlobalSection(SolutionConfigurationPlatforms) = preSolution
		Debug|Any CPU = Debug|Any CPU
		Debug|x64 = Debug|x64
		Debug|x86 = Debug|x86
		Release|Any CPU = Release|Any CPU
		Release|x64 = Release|x64
		Release|x86 = Release|x86
	EndGlobalSection
	GlobalSection(ProjectConfigurationPlatforms) = postSolution
		{78EE0EE0-2A6D-4991-AEA7-BA5BA284DF94}.Debug|Any CPU.ActiveCfg = Debug|Any CPU
		{78EE0EE0-2A6D-4991-AEA7-BA5BA284DF94}.Debug|Any CPU.Build.0 = Debug|Any CPU
		{78EE0EE0-2A6D-4991-AEA7-BA5BA284DF94}.Debug|x64.ActiveCfg = Debug|Any CPU
		{78EE0EE0-2A6D-4991-AEA7-BA5BA284DF94}.Debug|x64.Build.0 = Debug|Any CPU
		{78EE0EE0-2A6D-4991-AEA7-BA5BA284DF94}.Debug|x86.ActiveCfg = Debug|Any CPU
		{78EE0EE0-2A6D-4991-AEA7-BA5BA284DF94}.Debug|x86.Build.0 = Debug|Any CPU
		{78EE0EE0-2A6D-4991-AEA7-BA5BA284DF94}.Release|Any CPU.ActiveCfg = Release|Any CPU
		{78EE0EE0-2A6D-4991-AEA7-BA5BA284DF94}.Release|Any CPU.Build.0 = Release|Any CPU
		{78EE0EE0-2A6D-4991-AEA7-BA5BA284DF94}.Release|x64.ActiveCfg = Release|Any CPU
		{78EE0EE0-2A6D-4991-AEA7-BA5BA284DF94}.Release|x64.Build.0 = Release|Any CPU
		{78EE0EE0-2A6D-4991-AEA7-BA5BA284DF94}.Release|x86.ActiveCfg = Release|Any CPU
		{78EE0EE0-2A6D-4991-AEA7-BA5BA284DF94}.Release|x86.Build.0 = Release|Any CPU
		{C28CE3B3-B019-4DF5-8453-EB31EBEF29FC}.Debug|Any CPU.ActiveCfg = Debug|Any CPU
		{C28CE3B3-B019-4DF5-8453-EB31EBEF29FC}.Debug|Any CPU.Build.0 = Debug|Any CPU
		{C28CE3B3-B019-4DF5-8453-EB31EBEF29FC}.Debug|x64.ActiveCfg = Debug|Any CPU
		{C28CE3B3-B019-4DF5-8453-EB31EBEF29FC}.Debug|x64.Build.0 = Debug|Any CPU
		{C28CE3B3-B019-4DF5-8453-EB31EBEF29FC}.Debug|x86.ActiveCfg = Debug|Any CPU
		{C28CE3B3-B019-4DF5-8453-EB31EBEF29FC}.Debug|x86.Build.0 = Debug|Any CPU
		{C28CE3B3-B019-4DF5-8453-EB31EBEF29FC}.Release|Any CPU.ActiveCfg = Release|Any CPU
		{C28CE3B3-B019-4DF5-8453-EB31EBEF29FC}.Release|Any CPU.Build.0 = Release|Any CPU
		{C28CE3B3-B019-4DF5-8453-EB31EBEF29FC}.Release|x64.ActiveCfg = Release|Any CPU
		{C28CE3B3-B019-4DF5-8453-EB31EBEF29FC}.Release|x64.Build.0 = Release|Any CPU
		{C28CE3B3-B019-4DF5-8453-EB31EBEF29FC}.Release|x86.ActiveCfg = Release|Any CPU
		{C28CE3B3-B019-4DF5-8453-EB31EBEF29FC}.Release|x86.Build.0 = Release|Any CPU
		{5807BCA7-407E-45C4-963A-AFBEF5B87651}.Debug|Any CPU.ActiveCfg = Debug|Any CPU
		{5807BCA7-407E-45C4-963A-AFBEF5B87651}.Debug|Any CPU.Build.0 = Debug|Any CPU
		{5807BCA7-407E-45C4-963A-AFBEF5B87651}.Debug|x64.ActiveCfg = Debug|Any CPU
		{5807BCA7-407E-45C4-963A-AFBEF5B87651}.Debug|x64.Build.0 = Debug|Any CPU
		{5807BCA7-407E-45C4-963A-AFBEF5B87651}.Debug|x86.ActiveCfg = Debug|Any CPU
		{5807BCA7-407E-45C4-963A-AFBEF5B87651}.Debug|x86.Build.0 = Debug|Any CPU
		{5807BCA7-407E-45C4-963A-AFBEF5B87651}.Release|Any CPU.ActiveCfg = Release|Any CPU
		{5807BCA7-407E-45C4-963A-AFBEF5B87651}.Release|Any CPU.Build.0 = Release|Any CPU
		{5807BCA7-407E-45C4-963A-AFBEF5B87651}.Release|x64.ActiveCfg = Release|Any CPU
		{5807BCA7-407E-45C4-963A-AFBEF5B87651}.Release|x64.Build.0 = Release|Any CPU
		{5807BCA7-407E-45C4-963A-AFBEF5B87651}.Release|x86.ActiveCfg = Release|Any CPU
		{5807BCA7-407E-45C4-963A-AFBEF5B87651}.Release|x86.Build.0 = Release|Any CPU
		{2B970C9C-B093-406B-98E8-8E002E130F73}.Debug|Any CPU.ActiveCfg = Debug|Any CPU
		{2B970C9C-B093-406B-98E8-8E002E130F73}.Debug|Any CPU.Build.0 = Debug|Any CPU
		{2B970C9C-B093-406B-98E8-8E002E130F73}.Debug|x64.ActiveCfg = Debug|Any CPU
		{2B970C9C-B093-406B-98E8-8E002E130F73}.Debug|x64.Build.0 = Debug|Any CPU
		{2B970C9C-B093-406B-98E8-8E002E130F73}.Debug|x86.ActiveCfg = Debug|Any CPU
		{2B970C9C-B093-406B-98E8-8E002E130F73}.Debug|x86.Build.0 = Debug|Any CPU
		{2B970C9C-B093-406B-98E8-8E002E130F73}.Release|Any CPU.ActiveCfg = Release|Any CPU
		{2B970C9C-B093-406B-98E8-8E002E130F73}.Release|Any CPU.Build.0 = Release|Any CPU
		{2B970C9C-B093-406B-98E8-8E002E130F73}.Release|x64.ActiveCfg = Release|Any CPU
		{2B970C9C-B093-406B-98E8-8E002E130F73}.Release|x64.Build.0 = Release|Any CPU
		{2B970C9C-B093-406B-98E8-8E002E130F73}.Release|x86.ActiveCfg = Release|Any CPU
		{2B970C9C-B093-406B-98E8-8E002E130F73}.Release|x86.Build.0 = Release|Any CPU
		{8F102369-5884-4FED-AE28-F2351ED40A3A}.Debug|Any CPU.ActiveCfg = Debug|Any CPU
		{8F102369-5884-4FED-AE28-F2351ED40A3A}.Debug|Any CPU.Build.0 = Debug|Any CPU
		{8F102369-5884-4FED-AE28-F2351ED40A3A}.Debug|x64.ActiveCfg = Debug|Any CPU
		{8F102369-5884-4FED-AE28-F2351ED40A3A}.Debug|x64.Build.0 = Debug|Any CPU
		{8F102369-5884-4FED-AE28-F2351ED40A3A}.Debug|x86.ActiveCfg = Debug|Any CPU
		{8F102369-5884-4FED-AE28-F2351ED40A3A}.Debug|x86.Build.0 = Debug|Any CPU
		{8F102369-5884-4FED-AE28-F2351ED40A3A}.Release|Any CPU.ActiveCfg = Release|Any CPU
		{8F102369-5884-4FED-AE28-F2351ED40A3A}.Release|Any CPU.Build.0 = Release|Any CPU
		{8F102369-5884-4FED-AE28-F2351ED40A3A}.Release|x64.ActiveCfg = Release|Any CPU
		{8F102369-5884-4FED-AE28-F2351ED40A3A}.Release|x64.Build.0 = Release|Any CPU
		{8F102369-5884-4FED-AE28-F2351ED40A3A}.Release|x86.ActiveCfg = Release|Any CPU
		{8F102369-5884-4FED-AE28-F2351ED40A3A}.Release|x86.Build.0 = Release|Any CPU
		{9253B183-1902-48CB-B585-2A2FD6CBEA30}.Debug|Any CPU.ActiveCfg = Debug|Any CPU
		{9253B183-1902-48CB-B585-2A2FD6CBEA30}.Debug|Any CPU.Build.0 = Debug|Any CPU
		{9253B183-1902-48CB-B585-2A2FD6CBEA30}.Debug|x64.ActiveCfg = Debug|Any CPU
		{9253B183-1902-48CB-B585-2A2FD6CBEA30}.Debug|x64.Build.0 = Debug|Any CPU
		{9253B183-1902-48CB-B585-2A2FD6CBEA30}.Debug|x86.ActiveCfg = Debug|Any CPU
		{9253B183-1902-48CB-B585-2A2FD6CBEA30}.Debug|x86.Build.0 = Debug|Any CPU
		{9253B183-1902-48CB-B585-2A2FD6CBEA30}.Release|Any CPU.ActiveCfg = Release|Any CPU
		{9253B183-1902-48CB-B585-2A2FD6CBEA30}.Release|Any CPU.Build.0 = Release|Any CPU
		{9253B183-1902-48CB-B585-2A2FD6CBEA30}.Release|x64.ActiveCfg = Release|Any CPU
		{9253B183-1902-48CB-B585-2A2FD6CBEA30}.Release|x64.Build.0 = Release|Any CPU
		{9253B183-1902-48CB-B585-2A2FD6CBEA30}.Release|x86.ActiveCfg = Release|Any CPU
		{9253B183-1902-48CB-B585-2A2FD6CBEA30}.Release|x86.Build.0 = Release|Any CPU
		{8A2953D4-FB73-409D-B769-AD75117432BA}.Debug|Any CPU.ActiveCfg = Debug|Any CPU
		{8A2953D4-FB73-409D-B769-AD75117432BA}.Debug|Any CPU.Build.0 = Debug|Any CPU
		{8A2953D4-FB73-409D-B769-AD75117432BA}.Debug|x64.ActiveCfg = Debug|Any CPU
		{8A2953D4-FB73-409D-B769-AD75117432BA}.Debug|x64.Build.0 = Debug|Any CPU
		{8A2953D4-FB73-409D-B769-AD75117432BA}.Debug|x86.ActiveCfg = Debug|Any CPU
		{8A2953D4-FB73-409D-B769-AD75117432BA}.Debug|x86.Build.0 = Debug|Any CPU
		{8A2953D4-FB73-409D-B769-AD75117432BA}.Release|Any CPU.ActiveCfg = Release|Any CPU
		{8A2953D4-FB73-409D-B769-AD75117432BA}.Release|Any CPU.Build.0 = Release|Any CPU
		{8A2953D4-FB73-409D-B769-AD75117432BA}.Release|x64.ActiveCfg = Release|Any CPU
		{8A2953D4-FB73-409D-B769-AD75117432BA}.Release|x64.Build.0 = Release|Any CPU
		{8A2953D4-FB73-409D-B769-AD75117432BA}.Release|x86.ActiveCfg = Release|Any CPU
		{8A2953D4-FB73-409D-B769-AD75117432BA}.Release|x86.Build.0 = Release|Any CPU
		{737C1254-0653-4E4E-BFDA-56FEA28AE696}.Debug|Any CPU.ActiveCfg = Debug|Any CPU
		{737C1254-0653-4E4E-BFDA-56FEA28AE696}.Debug|Any CPU.Build.0 = Debug|Any CPU
		{737C1254-0653-4E4E-BFDA-56FEA28AE696}.Debug|x64.ActiveCfg = Debug|Any CPU
		{737C1254-0653-4E4E-BFDA-56FEA28AE696}.Debug|x64.Build.0 = Debug|Any CPU
		{737C1254-0653-4E4E-BFDA-56FEA28AE696}.Debug|x86.ActiveCfg = Debug|Any CPU
		{737C1254-0653-4E4E-BFDA-56FEA28AE696}.Debug|x86.Build.0 = Debug|Any CPU
		{737C1254-0653-4E4E-BFDA-56FEA28AE696}.Release|Any CPU.ActiveCfg = Release|Any CPU
		{737C1254-0653-4E4E-BFDA-56FEA28AE696}.Release|Any CPU.Build.0 = Release|Any CPU
		{737C1254-0653-4E4E-BFDA-56FEA28AE696}.Release|x64.ActiveCfg = Release|Any CPU
		{737C1254-0653-4E4E-BFDA-56FEA28AE696}.Release|x64.Build.0 = Release|Any CPU
		{737C1254-0653-4E4E-BFDA-56FEA28AE696}.Release|x86.ActiveCfg = Release|Any CPU
		{737C1254-0653-4E4E-BFDA-56FEA28AE696}.Release|x86.Build.0 = Release|Any CPU
		{4B34B835-05AD-4BD8-8824-1AA7F3B8CC0B}.Debug|Any CPU.ActiveCfg = Debug|Any CPU
		{4B34B835-05AD-4BD8-8824-1AA7F3B8CC0B}.Debug|Any CPU.Build.0 = Debug|Any CPU
		{4B34B835-05AD-4BD8-8824-1AA7F3B8CC0B}.Debug|x64.ActiveCfg = Debug|Any CPU
		{4B34B835-05AD-4BD8-8824-1AA7F3B8CC0B}.Debug|x64.Build.0 = Debug|Any CPU
		{4B34B835-05AD-4BD8-8824-1AA7F3B8CC0B}.Debug|x86.ActiveCfg = Debug|Any CPU
		{4B34B835-05AD-4BD8-8824-1AA7F3B8CC0B}.Debug|x86.Build.0 = Debug|Any CPU
		{4B34B835-05AD-4BD8-8824-1AA7F3B8CC0B}.Release|Any CPU.ActiveCfg = Release|Any CPU
		{4B34B835-05AD-4BD8-8824-1AA7F3B8CC0B}.Release|Any CPU.Build.0 = Release|Any CPU
		{4B34B835-05AD-4BD8-8824-1AA7F3B8CC0B}.Release|x64.ActiveCfg = Release|Any CPU
		{4B34B835-05AD-4BD8-8824-1AA7F3B8CC0B}.Release|x64.Build.0 = Release|Any CPU
		{4B34B835-05AD-4BD8-8824-1AA7F3B8CC0B}.Release|x86.ActiveCfg = Release|Any CPU
		{4B34B835-05AD-4BD8-8824-1AA7F3B8CC0B}.Release|x86.Build.0 = Release|Any CPU
		{321037E4-DA42-4430-B0A2-670A4505F6AD}.Debug|Any CPU.ActiveCfg = Debug|Any CPU
		{321037E4-DA42-4430-B0A2-670A4505F6AD}.Debug|Any CPU.Build.0 = Debug|Any CPU
		{321037E4-DA42-4430-B0A2-670A4505F6AD}.Debug|x64.ActiveCfg = Debug|Any CPU
		{321037E4-DA42-4430-B0A2-670A4505F6AD}.Debug|x64.Build.0 = Debug|Any CPU
		{321037E4-DA42-4430-B0A2-670A4505F6AD}.Debug|x86.ActiveCfg = Debug|Any CPU
		{321037E4-DA42-4430-B0A2-670A4505F6AD}.Debug|x86.Build.0 = Debug|Any CPU
		{321037E4-DA42-4430-B0A2-670A4505F6AD}.Release|Any CPU.ActiveCfg = Release|Any CPU
		{321037E4-DA42-4430-B0A2-670A4505F6AD}.Release|Any CPU.Build.0 = Release|Any CPU
		{321037E4-DA42-4430-B0A2-670A4505F6AD}.Release|x64.ActiveCfg = Release|Any CPU
		{321037E4-DA42-4430-B0A2-670A4505F6AD}.Release|x64.Build.0 = Release|Any CPU
		{321037E4-DA42-4430-B0A2-670A4505F6AD}.Release|x86.ActiveCfg = Release|Any CPU
		{321037E4-DA42-4430-B0A2-670A4505F6AD}.Release|x86.Build.0 = Release|Any CPU
		{0C4D24A0-6853-4EC2-BF2B-38DD798FCD5D}.Debug|Any CPU.ActiveCfg = Debug|Any CPU
		{0C4D24A0-6853-4EC2-BF2B-38DD798FCD5D}.Debug|Any CPU.Build.0 = Debug|Any CPU
		{0C4D24A0-6853-4EC2-BF2B-38DD798FCD5D}.Debug|x64.ActiveCfg = Debug|Any CPU
		{0C4D24A0-6853-4EC2-BF2B-38DD798FCD5D}.Debug|x64.Build.0 = Debug|Any CPU
		{0C4D24A0-6853-4EC2-BF2B-38DD798FCD5D}.Debug|x86.ActiveCfg = Debug|Any CPU
		{0C4D24A0-6853-4EC2-BF2B-38DD798FCD5D}.Debug|x86.Build.0 = Debug|Any CPU
		{0C4D24A0-6853-4EC2-BF2B-38DD798FCD5D}.Release|Any CPU.ActiveCfg = Release|Any CPU
		{0C4D24A0-6853-4EC2-BF2B-38DD798FCD5D}.Release|Any CPU.Build.0 = Release|Any CPU
		{0C4D24A0-6853-4EC2-BF2B-38DD798FCD5D}.Release|x64.ActiveCfg = Release|Any CPU
		{0C4D24A0-6853-4EC2-BF2B-38DD798FCD5D}.Release|x64.Build.0 = Release|Any CPU
		{0C4D24A0-6853-4EC2-BF2B-38DD798FCD5D}.Release|x86.ActiveCfg = Release|Any CPU
		{0C4D24A0-6853-4EC2-BF2B-38DD798FCD5D}.Release|x86.Build.0 = Release|Any CPU
		{D1A2940C-16FC-43AB-8180-93BC4DFC4642}.Debug|Any CPU.ActiveCfg = Debug|Any CPU
		{D1A2940C-16FC-43AB-8180-93BC4DFC4642}.Debug|Any CPU.Build.0 = Debug|Any CPU
		{D1A2940C-16FC-43AB-8180-93BC4DFC4642}.Debug|x64.ActiveCfg = Debug|Any CPU
		{D1A2940C-16FC-43AB-8180-93BC4DFC4642}.Debug|x64.Build.0 = Debug|Any CPU
		{D1A2940C-16FC-43AB-8180-93BC4DFC4642}.Debug|x86.ActiveCfg = Debug|Any CPU
		{D1A2940C-16FC-43AB-8180-93BC4DFC4642}.Debug|x86.Build.0 = Debug|Any CPU
		{D1A2940C-16FC-43AB-8180-93BC4DFC4642}.Release|Any CPU.ActiveCfg = Release|Any CPU
		{D1A2940C-16FC-43AB-8180-93BC4DFC4642}.Release|Any CPU.Build.0 = Release|Any CPU
		{D1A2940C-16FC-43AB-8180-93BC4DFC4642}.Release|x64.ActiveCfg = Release|Any CPU
		{D1A2940C-16FC-43AB-8180-93BC4DFC4642}.Release|x64.Build.0 = Release|Any CPU
		{D1A2940C-16FC-43AB-8180-93BC4DFC4642}.Release|x86.ActiveCfg = Release|Any CPU
		{D1A2940C-16FC-43AB-8180-93BC4DFC4642}.Release|x86.Build.0 = Release|Any CPU
		{CC503BB5-81E8-4210-846D-000F8175A53B}.Debug|Any CPU.ActiveCfg = Debug|Any CPU
		{CC503BB5-81E8-4210-846D-000F8175A53B}.Debug|Any CPU.Build.0 = Debug|Any CPU
		{CC503BB5-81E8-4210-846D-000F8175A53B}.Debug|x64.ActiveCfg = Debug|Any CPU
		{CC503BB5-81E8-4210-846D-000F8175A53B}.Debug|x64.Build.0 = Debug|Any CPU
		{CC503BB5-81E8-4210-846D-000F8175A53B}.Debug|x86.ActiveCfg = Debug|Any CPU
		{CC503BB5-81E8-4210-846D-000F8175A53B}.Debug|x86.Build.0 = Debug|Any CPU
		{CC503BB5-81E8-4210-846D-000F8175A53B}.Release|Any CPU.ActiveCfg = Release|Any CPU
		{CC503BB5-81E8-4210-846D-000F8175A53B}.Release|Any CPU.Build.0 = Release|Any CPU
		{CC503BB5-81E8-4210-846D-000F8175A53B}.Release|x64.ActiveCfg = Release|Any CPU
		{CC503BB5-81E8-4210-846D-000F8175A53B}.Release|x64.Build.0 = Release|Any CPU
		{CC503BB5-81E8-4210-846D-000F8175A53B}.Release|x86.ActiveCfg = Release|Any CPU
		{CC503BB5-81E8-4210-846D-000F8175A53B}.Release|x86.Build.0 = Release|Any CPU
		{D31EAD04-6766-4803-B6FF-BF8DD23ED98C}.Debug|Any CPU.ActiveCfg = Debug|Any CPU
		{D31EAD04-6766-4803-B6FF-BF8DD23ED98C}.Debug|Any CPU.Build.0 = Debug|Any CPU
		{D31EAD04-6766-4803-B6FF-BF8DD23ED98C}.Debug|x64.ActiveCfg = Debug|Any CPU
		{D31EAD04-6766-4803-B6FF-BF8DD23ED98C}.Debug|x64.Build.0 = Debug|Any CPU
		{D31EAD04-6766-4803-B6FF-BF8DD23ED98C}.Debug|x86.ActiveCfg = Debug|Any CPU
		{D31EAD04-6766-4803-B6FF-BF8DD23ED98C}.Debug|x86.Build.0 = Debug|Any CPU
		{D31EAD04-6766-4803-B6FF-BF8DD23ED98C}.Release|Any CPU.ActiveCfg = Release|Any CPU
		{D31EAD04-6766-4803-B6FF-BF8DD23ED98C}.Release|Any CPU.Build.0 = Release|Any CPU
		{D31EAD04-6766-4803-B6FF-BF8DD23ED98C}.Release|x64.ActiveCfg = Release|Any CPU
		{D31EAD04-6766-4803-B6FF-BF8DD23ED98C}.Release|x64.Build.0 = Release|Any CPU
		{D31EAD04-6766-4803-B6FF-BF8DD23ED98C}.Release|x86.ActiveCfg = Release|Any CPU
		{D31EAD04-6766-4803-B6FF-BF8DD23ED98C}.Release|x86.Build.0 = Release|Any CPU
		{62D4DF3C-0408-47B1-BCD8-3570591A9DFF}.Debug|Any CPU.ActiveCfg = Debug|Any CPU
		{62D4DF3C-0408-47B1-BCD8-3570591A9DFF}.Debug|Any CPU.Build.0 = Debug|Any CPU
		{62D4DF3C-0408-47B1-BCD8-3570591A9DFF}.Debug|x64.ActiveCfg = Debug|Any CPU
		{62D4DF3C-0408-47B1-BCD8-3570591A9DFF}.Debug|x64.Build.0 = Debug|Any CPU
		{62D4DF3C-0408-47B1-BCD8-3570591A9DFF}.Debug|x86.ActiveCfg = Debug|Any CPU
		{62D4DF3C-0408-47B1-BCD8-3570591A9DFF}.Debug|x86.Build.0 = Debug|Any CPU
		{62D4DF3C-0408-47B1-BCD8-3570591A9DFF}.Release|Any CPU.ActiveCfg = Release|Any CPU
		{62D4DF3C-0408-47B1-BCD8-3570591A9DFF}.Release|Any CPU.Build.0 = Release|Any CPU
		{62D4DF3C-0408-47B1-BCD8-3570591A9DFF}.Release|x64.ActiveCfg = Release|Any CPU
		{62D4DF3C-0408-47B1-BCD8-3570591A9DFF}.Release|x64.Build.0 = Release|Any CPU
		{62D4DF3C-0408-47B1-BCD8-3570591A9DFF}.Release|x86.ActiveCfg = Release|Any CPU
		{62D4DF3C-0408-47B1-BCD8-3570591A9DFF}.Release|x86.Build.0 = Release|Any CPU
		{4DF7E248-E053-45C6-A7D0-3586CAAFE98A}.Debug|Any CPU.ActiveCfg = Debug|Any CPU
		{4DF7E248-E053-45C6-A7D0-3586CAAFE98A}.Debug|Any CPU.Build.0 = Debug|Any CPU
		{4DF7E248-E053-45C6-A7D0-3586CAAFE98A}.Debug|x64.ActiveCfg = Debug|Any CPU
		{4DF7E248-E053-45C6-A7D0-3586CAAFE98A}.Debug|x64.Build.0 = Debug|Any CPU
		{4DF7E248-E053-45C6-A7D0-3586CAAFE98A}.Debug|x86.ActiveCfg = Debug|Any CPU
		{4DF7E248-E053-45C6-A7D0-3586CAAFE98A}.Debug|x86.Build.0 = Debug|Any CPU
		{4DF7E248-E053-45C6-A7D0-3586CAAFE98A}.Release|Any CPU.ActiveCfg = Release|Any CPU
		{4DF7E248-E053-45C6-A7D0-3586CAAFE98A}.Release|Any CPU.Build.0 = Release|Any CPU
		{4DF7E248-E053-45C6-A7D0-3586CAAFE98A}.Release|x64.ActiveCfg = Release|Any CPU
		{4DF7E248-E053-45C6-A7D0-3586CAAFE98A}.Release|x64.Build.0 = Release|Any CPU
		{4DF7E248-E053-45C6-A7D0-3586CAAFE98A}.Release|x86.ActiveCfg = Release|Any CPU
		{4DF7E248-E053-45C6-A7D0-3586CAAFE98A}.Release|x86.Build.0 = Release|Any CPU
		{0FFE30A1-31E4-44D9-8AF4-8D2A77A5BB15}.Debug|Any CPU.ActiveCfg = Debug|Any CPU
		{0FFE30A1-31E4-44D9-8AF4-8D2A77A5BB15}.Debug|Any CPU.Build.0 = Debug|Any CPU
		{0FFE30A1-31E4-44D9-8AF4-8D2A77A5BB15}.Debug|x64.ActiveCfg = Debug|Any CPU
		{0FFE30A1-31E4-44D9-8AF4-8D2A77A5BB15}.Debug|x64.Build.0 = Debug|Any CPU
		{0FFE30A1-31E4-44D9-8AF4-8D2A77A5BB15}.Debug|x86.ActiveCfg = Debug|Any CPU
		{0FFE30A1-31E4-44D9-8AF4-8D2A77A5BB15}.Debug|x86.Build.0 = Debug|Any CPU
		{0FFE30A1-31E4-44D9-8AF4-8D2A77A5BB15}.Release|Any CPU.ActiveCfg = Release|Any CPU
		{0FFE30A1-31E4-44D9-8AF4-8D2A77A5BB15}.Release|Any CPU.Build.0 = Release|Any CPU
		{0FFE30A1-31E4-44D9-8AF4-8D2A77A5BB15}.Release|x64.ActiveCfg = Release|Any CPU
		{0FFE30A1-31E4-44D9-8AF4-8D2A77A5BB15}.Release|x64.Build.0 = Release|Any CPU
		{0FFE30A1-31E4-44D9-8AF4-8D2A77A5BB15}.Release|x86.ActiveCfg = Release|Any CPU
		{0FFE30A1-31E4-44D9-8AF4-8D2A77A5BB15}.Release|x86.Build.0 = Release|Any CPU
		{61A0E7AB-5234-4E13-AB47-8F2CDF8B1D17}.Debug|Any CPU.ActiveCfg = Debug|Any CPU
		{61A0E7AB-5234-4E13-AB47-8F2CDF8B1D17}.Debug|Any CPU.Build.0 = Debug|Any CPU
		{61A0E7AB-5234-4E13-AB47-8F2CDF8B1D17}.Debug|x64.ActiveCfg = Debug|Any CPU
		{61A0E7AB-5234-4E13-AB47-8F2CDF8B1D17}.Debug|x64.Build.0 = Debug|Any CPU
		{61A0E7AB-5234-4E13-AB47-8F2CDF8B1D17}.Debug|x86.ActiveCfg = Debug|Any CPU
		{61A0E7AB-5234-4E13-AB47-8F2CDF8B1D17}.Debug|x86.Build.0 = Debug|Any CPU
		{61A0E7AB-5234-4E13-AB47-8F2CDF8B1D17}.Release|Any CPU.ActiveCfg = Release|Any CPU
		{61A0E7AB-5234-4E13-AB47-8F2CDF8B1D17}.Release|Any CPU.Build.0 = Release|Any CPU
		{61A0E7AB-5234-4E13-AB47-8F2CDF8B1D17}.Release|x64.ActiveCfg = Release|Any CPU
		{61A0E7AB-5234-4E13-AB47-8F2CDF8B1D17}.Release|x64.Build.0 = Release|Any CPU
		{61A0E7AB-5234-4E13-AB47-8F2CDF8B1D17}.Release|x86.ActiveCfg = Release|Any CPU
		{61A0E7AB-5234-4E13-AB47-8F2CDF8B1D17}.Release|x86.Build.0 = Release|Any CPU
		{67946EFE-8C33-442A-8F0F-8F2F666FE779}.Debug|Any CPU.ActiveCfg = Debug|Any CPU
		{67946EFE-8C33-442A-8F0F-8F2F666FE779}.Debug|Any CPU.Build.0 = Debug|Any CPU
		{67946EFE-8C33-442A-8F0F-8F2F666FE779}.Debug|x64.ActiveCfg = Debug|Any CPU
		{67946EFE-8C33-442A-8F0F-8F2F666FE779}.Debug|x64.Build.0 = Debug|Any CPU
		{67946EFE-8C33-442A-8F0F-8F2F666FE779}.Debug|x86.ActiveCfg = Debug|Any CPU
		{67946EFE-8C33-442A-8F0F-8F2F666FE779}.Debug|x86.Build.0 = Debug|Any CPU
		{67946EFE-8C33-442A-8F0F-8F2F666FE779}.Release|Any CPU.ActiveCfg = Release|Any CPU
		{67946EFE-8C33-442A-8F0F-8F2F666FE779}.Release|Any CPU.Build.0 = Release|Any CPU
		{67946EFE-8C33-442A-8F0F-8F2F666FE779}.Release|x64.ActiveCfg = Release|Any CPU
		{67946EFE-8C33-442A-8F0F-8F2F666FE779}.Release|x64.Build.0 = Release|Any CPU
		{67946EFE-8C33-442A-8F0F-8F2F666FE779}.Release|x86.ActiveCfg = Release|Any CPU
		{67946EFE-8C33-442A-8F0F-8F2F666FE779}.Release|x86.Build.0 = Release|Any CPU
		{CF5BF9BE-75A7-4AF3-ACF4-75CDFA25D12C}.Debug|Any CPU.ActiveCfg = Debug|Any CPU
		{CF5BF9BE-75A7-4AF3-ACF4-75CDFA25D12C}.Debug|Any CPU.Build.0 = Debug|Any CPU
		{CF5BF9BE-75A7-4AF3-ACF4-75CDFA25D12C}.Debug|x64.ActiveCfg = Debug|Any CPU
		{CF5BF9BE-75A7-4AF3-ACF4-75CDFA25D12C}.Debug|x64.Build.0 = Debug|Any CPU
		{CF5BF9BE-75A7-4AF3-ACF4-75CDFA25D12C}.Debug|x86.ActiveCfg = Debug|Any CPU
		{CF5BF9BE-75A7-4AF3-ACF4-75CDFA25D12C}.Debug|x86.Build.0 = Debug|Any CPU
		{CF5BF9BE-75A7-4AF3-ACF4-75CDFA25D12C}.Release|Any CPU.ActiveCfg = Release|Any CPU
		{CF5BF9BE-75A7-4AF3-ACF4-75CDFA25D12C}.Release|Any CPU.Build.0 = Release|Any CPU
		{CF5BF9BE-75A7-4AF3-ACF4-75CDFA25D12C}.Release|x64.ActiveCfg = Release|Any CPU
		{CF5BF9BE-75A7-4AF3-ACF4-75CDFA25D12C}.Release|x64.Build.0 = Release|Any CPU
		{CF5BF9BE-75A7-4AF3-ACF4-75CDFA25D12C}.Release|x86.ActiveCfg = Release|Any CPU
		{CF5BF9BE-75A7-4AF3-ACF4-75CDFA25D12C}.Release|x86.Build.0 = Release|Any CPU
		{BA901C48-740E-49A0-B2A1-5DAD7DEAC9C4}.Debug|Any CPU.ActiveCfg = Debug|Any CPU
		{BA901C48-740E-49A0-B2A1-5DAD7DEAC9C4}.Debug|Any CPU.Build.0 = Debug|Any CPU
		{BA901C48-740E-49A0-B2A1-5DAD7DEAC9C4}.Debug|x64.ActiveCfg = Debug|Any CPU
		{BA901C48-740E-49A0-B2A1-5DAD7DEAC9C4}.Debug|x64.Build.0 = Debug|Any CPU
		{BA901C48-740E-49A0-B2A1-5DAD7DEAC9C4}.Debug|x86.ActiveCfg = Debug|Any CPU
		{BA901C48-740E-49A0-B2A1-5DAD7DEAC9C4}.Debug|x86.Build.0 = Debug|Any CPU
		{BA901C48-740E-49A0-B2A1-5DAD7DEAC9C4}.Release|Any CPU.ActiveCfg = Release|Any CPU
		{BA901C48-740E-49A0-B2A1-5DAD7DEAC9C4}.Release|Any CPU.Build.0 = Release|Any CPU
		{BA901C48-740E-49A0-B2A1-5DAD7DEAC9C4}.Release|x64.ActiveCfg = Release|Any CPU
		{BA901C48-740E-49A0-B2A1-5DAD7DEAC9C4}.Release|x64.Build.0 = Release|Any CPU
		{BA901C48-740E-49A0-B2A1-5DAD7DEAC9C4}.Release|x86.ActiveCfg = Release|Any CPU
		{BA901C48-740E-49A0-B2A1-5DAD7DEAC9C4}.Release|x86.Build.0 = Release|Any CPU
		{0732FC5F-BAC4-4F2F-9EAD-C2A6B6543729}.Debug|Any CPU.ActiveCfg = Debug|Any CPU
		{0732FC5F-BAC4-4F2F-9EAD-C2A6B6543729}.Debug|Any CPU.Build.0 = Debug|Any CPU
		{0732FC5F-BAC4-4F2F-9EAD-C2A6B6543729}.Debug|x64.ActiveCfg = Debug|Any CPU
		{0732FC5F-BAC4-4F2F-9EAD-C2A6B6543729}.Debug|x64.Build.0 = Debug|Any CPU
		{0732FC5F-BAC4-4F2F-9EAD-C2A6B6543729}.Debug|x86.ActiveCfg = Debug|Any CPU
		{0732FC5F-BAC4-4F2F-9EAD-C2A6B6543729}.Debug|x86.Build.0 = Debug|Any CPU
		{0732FC5F-BAC4-4F2F-9EAD-C2A6B6543729}.Release|Any CPU.ActiveCfg = Release|Any CPU
		{0732FC5F-BAC4-4F2F-9EAD-C2A6B6543729}.Release|Any CPU.Build.0 = Release|Any CPU
		{0732FC5F-BAC4-4F2F-9EAD-C2A6B6543729}.Release|x64.ActiveCfg = Release|Any CPU
		{0732FC5F-BAC4-4F2F-9EAD-C2A6B6543729}.Release|x64.Build.0 = Release|Any CPU
		{0732FC5F-BAC4-4F2F-9EAD-C2A6B6543729}.Release|x86.ActiveCfg = Release|Any CPU
		{0732FC5F-BAC4-4F2F-9EAD-C2A6B6543729}.Release|x86.Build.0 = Release|Any CPU
		{B1C4DC80-CB32-4146-9280-FE4B2E122022}.Debug|Any CPU.ActiveCfg = Debug|Any CPU
		{B1C4DC80-CB32-4146-9280-FE4B2E122022}.Debug|Any CPU.Build.0 = Debug|Any CPU
		{B1C4DC80-CB32-4146-9280-FE4B2E122022}.Debug|x64.ActiveCfg = Debug|Any CPU
		{B1C4DC80-CB32-4146-9280-FE4B2E122022}.Debug|x64.Build.0 = Debug|Any CPU
		{B1C4DC80-CB32-4146-9280-FE4B2E122022}.Debug|x86.ActiveCfg = Debug|Any CPU
		{B1C4DC80-CB32-4146-9280-FE4B2E122022}.Debug|x86.Build.0 = Debug|Any CPU
		{B1C4DC80-CB32-4146-9280-FE4B2E122022}.Release|Any CPU.ActiveCfg = Release|Any CPU
		{B1C4DC80-CB32-4146-9280-FE4B2E122022}.Release|Any CPU.Build.0 = Release|Any CPU
		{B1C4DC80-CB32-4146-9280-FE4B2E122022}.Release|x64.ActiveCfg = Release|Any CPU
		{B1C4DC80-CB32-4146-9280-FE4B2E122022}.Release|x64.Build.0 = Release|Any CPU
		{B1C4DC80-CB32-4146-9280-FE4B2E122022}.Release|x86.ActiveCfg = Release|Any CPU
		{B1C4DC80-CB32-4146-9280-FE4B2E122022}.Release|x86.Build.0 = Release|Any CPU
		{F5E4B02B-5059-46BC-9D1D-C080FA6F0759}.Debug|Any CPU.ActiveCfg = Debug|Any CPU
		{F5E4B02B-5059-46BC-9D1D-C080FA6F0759}.Debug|Any CPU.Build.0 = Debug|Any CPU
		{F5E4B02B-5059-46BC-9D1D-C080FA6F0759}.Debug|x64.ActiveCfg = Debug|Any CPU
		{F5E4B02B-5059-46BC-9D1D-C080FA6F0759}.Debug|x64.Build.0 = Debug|Any CPU
		{F5E4B02B-5059-46BC-9D1D-C080FA6F0759}.Debug|x86.ActiveCfg = Debug|Any CPU
		{F5E4B02B-5059-46BC-9D1D-C080FA6F0759}.Debug|x86.Build.0 = Debug|Any CPU
		{F5E4B02B-5059-46BC-9D1D-C080FA6F0759}.Release|Any CPU.ActiveCfg = Release|Any CPU
		{F5E4B02B-5059-46BC-9D1D-C080FA6F0759}.Release|Any CPU.Build.0 = Release|Any CPU
		{F5E4B02B-5059-46BC-9D1D-C080FA6F0759}.Release|x64.ActiveCfg = Release|Any CPU
		{F5E4B02B-5059-46BC-9D1D-C080FA6F0759}.Release|x64.Build.0 = Release|Any CPU
		{F5E4B02B-5059-46BC-9D1D-C080FA6F0759}.Release|x86.ActiveCfg = Release|Any CPU
		{F5E4B02B-5059-46BC-9D1D-C080FA6F0759}.Release|x86.Build.0 = Release|Any CPU
		{BEB8DE04-1E12-4BBE-A87B-BD4D732A69E8}.Debug|Any CPU.ActiveCfg = Debug|Any CPU
		{BEB8DE04-1E12-4BBE-A87B-BD4D732A69E8}.Debug|Any CPU.Build.0 = Debug|Any CPU
		{BEB8DE04-1E12-4BBE-A87B-BD4D732A69E8}.Debug|x64.ActiveCfg = Debug|Any CPU
		{BEB8DE04-1E12-4BBE-A87B-BD4D732A69E8}.Debug|x64.Build.0 = Debug|Any CPU
		{BEB8DE04-1E12-4BBE-A87B-BD4D732A69E8}.Debug|x86.ActiveCfg = Debug|Any CPU
		{BEB8DE04-1E12-4BBE-A87B-BD4D732A69E8}.Debug|x86.Build.0 = Debug|Any CPU
		{BEB8DE04-1E12-4BBE-A87B-BD4D732A69E8}.Release|Any CPU.ActiveCfg = Release|Any CPU
		{BEB8DE04-1E12-4BBE-A87B-BD4D732A69E8}.Release|Any CPU.Build.0 = Release|Any CPU
		{BEB8DE04-1E12-4BBE-A87B-BD4D732A69E8}.Release|x64.ActiveCfg = Release|Any CPU
		{BEB8DE04-1E12-4BBE-A87B-BD4D732A69E8}.Release|x64.Build.0 = Release|Any CPU
		{BEB8DE04-1E12-4BBE-A87B-BD4D732A69E8}.Release|x86.ActiveCfg = Release|Any CPU
		{BEB8DE04-1E12-4BBE-A87B-BD4D732A69E8}.Release|x86.Build.0 = Release|Any CPU
		{70FBD63F-09C8-4338-8D0A-6C6DE5894D99}.Debug|Any CPU.ActiveCfg = Debug|Any CPU
		{70FBD63F-09C8-4338-8D0A-6C6DE5894D99}.Debug|Any CPU.Build.0 = Debug|Any CPU
		{70FBD63F-09C8-4338-8D0A-6C6DE5894D99}.Debug|x64.ActiveCfg = Debug|Any CPU
		{70FBD63F-09C8-4338-8D0A-6C6DE5894D99}.Debug|x64.Build.0 = Debug|Any CPU
		{70FBD63F-09C8-4338-8D0A-6C6DE5894D99}.Debug|x86.ActiveCfg = Debug|Any CPU
		{70FBD63F-09C8-4338-8D0A-6C6DE5894D99}.Debug|x86.Build.0 = Debug|Any CPU
		{70FBD63F-09C8-4338-8D0A-6C6DE5894D99}.Release|Any CPU.ActiveCfg = Release|Any CPU
		{70FBD63F-09C8-4338-8D0A-6C6DE5894D99}.Release|Any CPU.Build.0 = Release|Any CPU
		{70FBD63F-09C8-4338-8D0A-6C6DE5894D99}.Release|x64.ActiveCfg = Release|Any CPU
		{70FBD63F-09C8-4338-8D0A-6C6DE5894D99}.Release|x64.Build.0 = Release|Any CPU
		{70FBD63F-09C8-4338-8D0A-6C6DE5894D99}.Release|x86.ActiveCfg = Release|Any CPU
		{70FBD63F-09C8-4338-8D0A-6C6DE5894D99}.Release|x86.Build.0 = Release|Any CPU
		{B2BFB3CE-C985-4947-AC4A-95EA5B6E533E}.Debug|Any CPU.ActiveCfg = Debug|Any CPU
		{B2BFB3CE-C985-4947-AC4A-95EA5B6E533E}.Debug|Any CPU.Build.0 = Debug|Any CPU
		{B2BFB3CE-C985-4947-AC4A-95EA5B6E533E}.Debug|x64.ActiveCfg = Debug|Any CPU
		{B2BFB3CE-C985-4947-AC4A-95EA5B6E533E}.Debug|x64.Build.0 = Debug|Any CPU
		{B2BFB3CE-C985-4947-AC4A-95EA5B6E533E}.Debug|x86.ActiveCfg = Debug|Any CPU
		{B2BFB3CE-C985-4947-AC4A-95EA5B6E533E}.Debug|x86.Build.0 = Debug|Any CPU
		{B2BFB3CE-C985-4947-AC4A-95EA5B6E533E}.Release|Any CPU.ActiveCfg = Release|Any CPU
		{B2BFB3CE-C985-4947-AC4A-95EA5B6E533E}.Release|Any CPU.Build.0 = Release|Any CPU
		{B2BFB3CE-C985-4947-AC4A-95EA5B6E533E}.Release|x64.ActiveCfg = Release|Any CPU
		{B2BFB3CE-C985-4947-AC4A-95EA5B6E533E}.Release|x64.Build.0 = Release|Any CPU
		{B2BFB3CE-C985-4947-AC4A-95EA5B6E533E}.Release|x86.ActiveCfg = Release|Any CPU
		{B2BFB3CE-C985-4947-AC4A-95EA5B6E533E}.Release|x86.Build.0 = Release|Any CPU
		{B0F6C505-BCF9-4E94-A870-6F6A3C7E17DA}.Debug|Any CPU.ActiveCfg = Debug|Any CPU
		{B0F6C505-BCF9-4E94-A870-6F6A3C7E17DA}.Debug|Any CPU.Build.0 = Debug|Any CPU
		{B0F6C505-BCF9-4E94-A870-6F6A3C7E17DA}.Debug|x64.ActiveCfg = Debug|Any CPU
		{B0F6C505-BCF9-4E94-A870-6F6A3C7E17DA}.Debug|x64.Build.0 = Debug|Any CPU
		{B0F6C505-BCF9-4E94-A870-6F6A3C7E17DA}.Debug|x86.ActiveCfg = Debug|Any CPU
		{B0F6C505-BCF9-4E94-A870-6F6A3C7E17DA}.Debug|x86.Build.0 = Debug|Any CPU
		{B0F6C505-BCF9-4E94-A870-6F6A3C7E17DA}.Release|Any CPU.ActiveCfg = Release|Any CPU
		{B0F6C505-BCF9-4E94-A870-6F6A3C7E17DA}.Release|Any CPU.Build.0 = Release|Any CPU
		{B0F6C505-BCF9-4E94-A870-6F6A3C7E17DA}.Release|x64.ActiveCfg = Release|Any CPU
		{B0F6C505-BCF9-4E94-A870-6F6A3C7E17DA}.Release|x64.Build.0 = Release|Any CPU
		{B0F6C505-BCF9-4E94-A870-6F6A3C7E17DA}.Release|x86.ActiveCfg = Release|Any CPU
		{B0F6C505-BCF9-4E94-A870-6F6A3C7E17DA}.Release|x86.Build.0 = Release|Any CPU
		{DD4BB5B2-1367-4D64-8149-253FC19E93D8}.Debug|Any CPU.ActiveCfg = Debug|Any CPU
		{DD4BB5B2-1367-4D64-8149-253FC19E93D8}.Debug|Any CPU.Build.0 = Debug|Any CPU
		{DD4BB5B2-1367-4D64-8149-253FC19E93D8}.Debug|x64.ActiveCfg = Debug|Any CPU
		{DD4BB5B2-1367-4D64-8149-253FC19E93D8}.Debug|x64.Build.0 = Debug|Any CPU
		{DD4BB5B2-1367-4D64-8149-253FC19E93D8}.Debug|x86.ActiveCfg = Debug|Any CPU
		{DD4BB5B2-1367-4D64-8149-253FC19E93D8}.Debug|x86.Build.0 = Debug|Any CPU
		{DD4BB5B2-1367-4D64-8149-253FC19E93D8}.Release|Any CPU.ActiveCfg = Release|Any CPU
		{DD4BB5B2-1367-4D64-8149-253FC19E93D8}.Release|Any CPU.Build.0 = Release|Any CPU
		{DD4BB5B2-1367-4D64-8149-253FC19E93D8}.Release|x64.ActiveCfg = Release|Any CPU
		{DD4BB5B2-1367-4D64-8149-253FC19E93D8}.Release|x64.Build.0 = Release|Any CPU
		{DD4BB5B2-1367-4D64-8149-253FC19E93D8}.Release|x86.ActiveCfg = Release|Any CPU
		{DD4BB5B2-1367-4D64-8149-253FC19E93D8}.Release|x86.Build.0 = Release|Any CPU
		{E13147D7-A56E-42D2-8D96-2CB9DDC0CC59}.Debug|Any CPU.ActiveCfg = Debug|Any CPU
		{E13147D7-A56E-42D2-8D96-2CB9DDC0CC59}.Debug|Any CPU.Build.0 = Debug|Any CPU
		{E13147D7-A56E-42D2-8D96-2CB9DDC0CC59}.Debug|x64.ActiveCfg = Debug|Any CPU
		{E13147D7-A56E-42D2-8D96-2CB9DDC0CC59}.Debug|x64.Build.0 = Debug|Any CPU
		{E13147D7-A56E-42D2-8D96-2CB9DDC0CC59}.Debug|x86.ActiveCfg = Debug|Any CPU
		{E13147D7-A56E-42D2-8D96-2CB9DDC0CC59}.Debug|x86.Build.0 = Debug|Any CPU
		{E13147D7-A56E-42D2-8D96-2CB9DDC0CC59}.Release|Any CPU.ActiveCfg = Release|Any CPU
		{E13147D7-A56E-42D2-8D96-2CB9DDC0CC59}.Release|Any CPU.Build.0 = Release|Any CPU
		{E13147D7-A56E-42D2-8D96-2CB9DDC0CC59}.Release|x64.ActiveCfg = Release|Any CPU
		{E13147D7-A56E-42D2-8D96-2CB9DDC0CC59}.Release|x64.Build.0 = Release|Any CPU
		{E13147D7-A56E-42D2-8D96-2CB9DDC0CC59}.Release|x86.ActiveCfg = Release|Any CPU
		{E13147D7-A56E-42D2-8D96-2CB9DDC0CC59}.Release|x86.Build.0 = Release|Any CPU
		{C1133019-B7FE-461E-83D9-FDFEA71719CD}.Debug|Any CPU.ActiveCfg = Debug|Any CPU
		{C1133019-B7FE-461E-83D9-FDFEA71719CD}.Debug|Any CPU.Build.0 = Debug|Any CPU
		{C1133019-B7FE-461E-83D9-FDFEA71719CD}.Debug|x64.ActiveCfg = Debug|Any CPU
		{C1133019-B7FE-461E-83D9-FDFEA71719CD}.Debug|x64.Build.0 = Debug|Any CPU
		{C1133019-B7FE-461E-83D9-FDFEA71719CD}.Debug|x86.ActiveCfg = Debug|Any CPU
		{C1133019-B7FE-461E-83D9-FDFEA71719CD}.Debug|x86.Build.0 = Debug|Any CPU
		{C1133019-B7FE-461E-83D9-FDFEA71719CD}.Release|Any CPU.ActiveCfg = Release|Any CPU
		{C1133019-B7FE-461E-83D9-FDFEA71719CD}.Release|Any CPU.Build.0 = Release|Any CPU
		{C1133019-B7FE-461E-83D9-FDFEA71719CD}.Release|x64.ActiveCfg = Release|Any CPU
		{C1133019-B7FE-461E-83D9-FDFEA71719CD}.Release|x64.Build.0 = Release|Any CPU
		{C1133019-B7FE-461E-83D9-FDFEA71719CD}.Release|x86.ActiveCfg = Release|Any CPU
		{C1133019-B7FE-461E-83D9-FDFEA71719CD}.Release|x86.Build.0 = Release|Any CPU
		{06E9435D-F334-493C-AFBF-4C9EEA55BDB8}.Debug|Any CPU.ActiveCfg = Debug|Any CPU
		{06E9435D-F334-493C-AFBF-4C9EEA55BDB8}.Debug|Any CPU.Build.0 = Debug|Any CPU
		{06E9435D-F334-493C-AFBF-4C9EEA55BDB8}.Debug|x64.ActiveCfg = Debug|Any CPU
		{06E9435D-F334-493C-AFBF-4C9EEA55BDB8}.Debug|x64.Build.0 = Debug|Any CPU
		{06E9435D-F334-493C-AFBF-4C9EEA55BDB8}.Debug|x86.ActiveCfg = Debug|Any CPU
		{06E9435D-F334-493C-AFBF-4C9EEA55BDB8}.Debug|x86.Build.0 = Debug|Any CPU
		{06E9435D-F334-493C-AFBF-4C9EEA55BDB8}.Release|Any CPU.ActiveCfg = Release|Any CPU
		{06E9435D-F334-493C-AFBF-4C9EEA55BDB8}.Release|Any CPU.Build.0 = Release|Any CPU
		{06E9435D-F334-493C-AFBF-4C9EEA55BDB8}.Release|x64.ActiveCfg = Release|Any CPU
		{06E9435D-F334-493C-AFBF-4C9EEA55BDB8}.Release|x64.Build.0 = Release|Any CPU
		{06E9435D-F334-493C-AFBF-4C9EEA55BDB8}.Release|x86.ActiveCfg = Release|Any CPU
		{06E9435D-F334-493C-AFBF-4C9EEA55BDB8}.Release|x86.Build.0 = Release|Any CPU
		{7535DA8D-0DC5-464A-A57C-6769CB6B5A8D}.Debug|Any CPU.ActiveCfg = Debug|Any CPU
		{7535DA8D-0DC5-464A-A57C-6769CB6B5A8D}.Debug|Any CPU.Build.0 = Debug|Any CPU
		{7535DA8D-0DC5-464A-A57C-6769CB6B5A8D}.Debug|x64.ActiveCfg = Debug|Any CPU
		{7535DA8D-0DC5-464A-A57C-6769CB6B5A8D}.Debug|x64.Build.0 = Debug|Any CPU
		{7535DA8D-0DC5-464A-A57C-6769CB6B5A8D}.Debug|x86.ActiveCfg = Debug|Any CPU
		{7535DA8D-0DC5-464A-A57C-6769CB6B5A8D}.Debug|x86.Build.0 = Debug|Any CPU
		{7535DA8D-0DC5-464A-A57C-6769CB6B5A8D}.Release|Any CPU.ActiveCfg = Release|Any CPU
		{7535DA8D-0DC5-464A-A57C-6769CB6B5A8D}.Release|Any CPU.Build.0 = Release|Any CPU
		{7535DA8D-0DC5-464A-A57C-6769CB6B5A8D}.Release|x64.ActiveCfg = Release|Any CPU
		{7535DA8D-0DC5-464A-A57C-6769CB6B5A8D}.Release|x64.Build.0 = Release|Any CPU
		{7535DA8D-0DC5-464A-A57C-6769CB6B5A8D}.Release|x86.ActiveCfg = Release|Any CPU
		{7535DA8D-0DC5-464A-A57C-6769CB6B5A8D}.Release|x86.Build.0 = Release|Any CPU
		{76D20284-1A65-4BD1-ABB3-DEE986B8281F}.Debug|Any CPU.ActiveCfg = Debug|Any CPU
		{76D20284-1A65-4BD1-ABB3-DEE986B8281F}.Debug|Any CPU.Build.0 = Debug|Any CPU
		{76D20284-1A65-4BD1-ABB3-DEE986B8281F}.Debug|x64.ActiveCfg = Debug|Any CPU
		{76D20284-1A65-4BD1-ABB3-DEE986B8281F}.Debug|x64.Build.0 = Debug|Any CPU
		{76D20284-1A65-4BD1-ABB3-DEE986B8281F}.Debug|x86.ActiveCfg = Debug|Any CPU
		{76D20284-1A65-4BD1-ABB3-DEE986B8281F}.Debug|x86.Build.0 = Debug|Any CPU
		{76D20284-1A65-4BD1-ABB3-DEE986B8281F}.Release|Any CPU.ActiveCfg = Release|Any CPU
		{76D20284-1A65-4BD1-ABB3-DEE986B8281F}.Release|Any CPU.Build.0 = Release|Any CPU
		{76D20284-1A65-4BD1-ABB3-DEE986B8281F}.Release|x64.ActiveCfg = Release|Any CPU
		{76D20284-1A65-4BD1-ABB3-DEE986B8281F}.Release|x64.Build.0 = Release|Any CPU
		{76D20284-1A65-4BD1-ABB3-DEE986B8281F}.Release|x86.ActiveCfg = Release|Any CPU
		{76D20284-1A65-4BD1-ABB3-DEE986B8281F}.Release|x86.Build.0 = Release|Any CPU
		{97139975-8D09-4D9B-AA5F-8B99AC96BFE6}.Debug|Any CPU.ActiveCfg = Debug|Any CPU
		{97139975-8D09-4D9B-AA5F-8B99AC96BFE6}.Debug|Any CPU.Build.0 = Debug|Any CPU
		{97139975-8D09-4D9B-AA5F-8B99AC96BFE6}.Debug|x64.ActiveCfg = Debug|Any CPU
		{97139975-8D09-4D9B-AA5F-8B99AC96BFE6}.Debug|x64.Build.0 = Debug|Any CPU
		{97139975-8D09-4D9B-AA5F-8B99AC96BFE6}.Debug|x86.ActiveCfg = Debug|Any CPU
		{97139975-8D09-4D9B-AA5F-8B99AC96BFE6}.Debug|x86.Build.0 = Debug|Any CPU
		{97139975-8D09-4D9B-AA5F-8B99AC96BFE6}.Release|Any CPU.ActiveCfg = Release|Any CPU
		{97139975-8D09-4D9B-AA5F-8B99AC96BFE6}.Release|Any CPU.Build.0 = Release|Any CPU
		{97139975-8D09-4D9B-AA5F-8B99AC96BFE6}.Release|x64.ActiveCfg = Release|Any CPU
		{97139975-8D09-4D9B-AA5F-8B99AC96BFE6}.Release|x64.Build.0 = Release|Any CPU
		{97139975-8D09-4D9B-AA5F-8B99AC96BFE6}.Release|x86.ActiveCfg = Release|Any CPU
		{97139975-8D09-4D9B-AA5F-8B99AC96BFE6}.Release|x86.Build.0 = Release|Any CPU
		{ACDE329F-0745-4F84-BB9D-E1A48664CB84}.Debug|Any CPU.ActiveCfg = Debug|Any CPU
		{ACDE329F-0745-4F84-BB9D-E1A48664CB84}.Debug|Any CPU.Build.0 = Debug|Any CPU
		{ACDE329F-0745-4F84-BB9D-E1A48664CB84}.Debug|x64.ActiveCfg = Debug|Any CPU
		{ACDE329F-0745-4F84-BB9D-E1A48664CB84}.Debug|x64.Build.0 = Debug|Any CPU
		{ACDE329F-0745-4F84-BB9D-E1A48664CB84}.Debug|x86.ActiveCfg = Debug|Any CPU
		{ACDE329F-0745-4F84-BB9D-E1A48664CB84}.Debug|x86.Build.0 = Debug|Any CPU
		{ACDE329F-0745-4F84-BB9D-E1A48664CB84}.Release|Any CPU.ActiveCfg = Release|Any CPU
		{ACDE329F-0745-4F84-BB9D-E1A48664CB84}.Release|Any CPU.Build.0 = Release|Any CPU
		{ACDE329F-0745-4F84-BB9D-E1A48664CB84}.Release|x64.ActiveCfg = Release|Any CPU
		{ACDE329F-0745-4F84-BB9D-E1A48664CB84}.Release|x64.Build.0 = Release|Any CPU
		{ACDE329F-0745-4F84-BB9D-E1A48664CB84}.Release|x86.ActiveCfg = Release|Any CPU
		{ACDE329F-0745-4F84-BB9D-E1A48664CB84}.Release|x86.Build.0 = Release|Any CPU
		{0F0D2368-0585-4216-B5B8-C8A283D6C5C9}.Debug|Any CPU.ActiveCfg = Debug|Any CPU
		{0F0D2368-0585-4216-B5B8-C8A283D6C5C9}.Debug|Any CPU.Build.0 = Debug|Any CPU
		{0F0D2368-0585-4216-B5B8-C8A283D6C5C9}.Debug|x64.ActiveCfg = Debug|Any CPU
		{0F0D2368-0585-4216-B5B8-C8A283D6C5C9}.Debug|x64.Build.0 = Debug|Any CPU
		{0F0D2368-0585-4216-B5B8-C8A283D6C5C9}.Debug|x86.ActiveCfg = Debug|Any CPU
		{0F0D2368-0585-4216-B5B8-C8A283D6C5C9}.Debug|x86.Build.0 = Debug|Any CPU
		{0F0D2368-0585-4216-B5B8-C8A283D6C5C9}.Release|Any CPU.ActiveCfg = Release|Any CPU
		{0F0D2368-0585-4216-B5B8-C8A283D6C5C9}.Release|Any CPU.Build.0 = Release|Any CPU
		{0F0D2368-0585-4216-B5B8-C8A283D6C5C9}.Release|x64.ActiveCfg = Release|Any CPU
		{0F0D2368-0585-4216-B5B8-C8A283D6C5C9}.Release|x64.Build.0 = Release|Any CPU
		{0F0D2368-0585-4216-B5B8-C8A283D6C5C9}.Release|x86.ActiveCfg = Release|Any CPU
		{0F0D2368-0585-4216-B5B8-C8A283D6C5C9}.Release|x86.Build.0 = Release|Any CPU
		{F12B48AF-E0EA-4471-B1A1-54AF6457FC78}.Debug|Any CPU.ActiveCfg = Debug|Any CPU
		{F12B48AF-E0EA-4471-B1A1-54AF6457FC78}.Debug|Any CPU.Build.0 = Debug|Any CPU
		{F12B48AF-E0EA-4471-B1A1-54AF6457FC78}.Debug|x64.ActiveCfg = Debug|Any CPU
		{F12B48AF-E0EA-4471-B1A1-54AF6457FC78}.Debug|x64.Build.0 = Debug|Any CPU
		{F12B48AF-E0EA-4471-B1A1-54AF6457FC78}.Debug|x86.ActiveCfg = Debug|Any CPU
		{F12B48AF-E0EA-4471-B1A1-54AF6457FC78}.Debug|x86.Build.0 = Debug|Any CPU
		{F12B48AF-E0EA-4471-B1A1-54AF6457FC78}.Release|Any CPU.ActiveCfg = Release|Any CPU
		{F12B48AF-E0EA-4471-B1A1-54AF6457FC78}.Release|Any CPU.Build.0 = Release|Any CPU
		{F12B48AF-E0EA-4471-B1A1-54AF6457FC78}.Release|x64.ActiveCfg = Release|Any CPU
		{F12B48AF-E0EA-4471-B1A1-54AF6457FC78}.Release|x64.Build.0 = Release|Any CPU
		{F12B48AF-E0EA-4471-B1A1-54AF6457FC78}.Release|x86.ActiveCfg = Release|Any CPU
		{F12B48AF-E0EA-4471-B1A1-54AF6457FC78}.Release|x86.Build.0 = Release|Any CPU
		{AC634256-8E7E-4252-94EA-07017AC21115}.Debug|Any CPU.ActiveCfg = Debug|Any CPU
		{AC634256-8E7E-4252-94EA-07017AC21115}.Debug|Any CPU.Build.0 = Debug|Any CPU
		{AC634256-8E7E-4252-94EA-07017AC21115}.Debug|x64.ActiveCfg = Debug|Any CPU
		{AC634256-8E7E-4252-94EA-07017AC21115}.Debug|x64.Build.0 = Debug|Any CPU
		{AC634256-8E7E-4252-94EA-07017AC21115}.Debug|x86.ActiveCfg = Debug|Any CPU
		{AC634256-8E7E-4252-94EA-07017AC21115}.Debug|x86.Build.0 = Debug|Any CPU
		{AC634256-8E7E-4252-94EA-07017AC21115}.Release|Any CPU.ActiveCfg = Release|Any CPU
		{AC634256-8E7E-4252-94EA-07017AC21115}.Release|Any CPU.Build.0 = Release|Any CPU
		{AC634256-8E7E-4252-94EA-07017AC21115}.Release|x64.ActiveCfg = Release|Any CPU
		{AC634256-8E7E-4252-94EA-07017AC21115}.Release|x64.Build.0 = Release|Any CPU
		{AC634256-8E7E-4252-94EA-07017AC21115}.Release|x86.ActiveCfg = Release|Any CPU
		{AC634256-8E7E-4252-94EA-07017AC21115}.Release|x86.Build.0 = Release|Any CPU
		{7E694549-995C-4AA6-8CBB-2A5F5649C2FB}.Debug|Any CPU.ActiveCfg = Debug|Any CPU
		{7E694549-995C-4AA6-8CBB-2A5F5649C2FB}.Debug|Any CPU.Build.0 = Debug|Any CPU
		{7E694549-995C-4AA6-8CBB-2A5F5649C2FB}.Debug|x64.ActiveCfg = Debug|Any CPU
		{7E694549-995C-4AA6-8CBB-2A5F5649C2FB}.Debug|x64.Build.0 = Debug|Any CPU
		{7E694549-995C-4AA6-8CBB-2A5F5649C2FB}.Debug|x86.ActiveCfg = Debug|Any CPU
		{7E694549-995C-4AA6-8CBB-2A5F5649C2FB}.Debug|x86.Build.0 = Debug|Any CPU
		{7E694549-995C-4AA6-8CBB-2A5F5649C2FB}.Release|Any CPU.ActiveCfg = Release|Any CPU
		{7E694549-995C-4AA6-8CBB-2A5F5649C2FB}.Release|Any CPU.Build.0 = Release|Any CPU
		{7E694549-995C-4AA6-8CBB-2A5F5649C2FB}.Release|x64.ActiveCfg = Release|Any CPU
		{7E694549-995C-4AA6-8CBB-2A5F5649C2FB}.Release|x64.Build.0 = Release|Any CPU
		{7E694549-995C-4AA6-8CBB-2A5F5649C2FB}.Release|x86.ActiveCfg = Release|Any CPU
		{7E694549-995C-4AA6-8CBB-2A5F5649C2FB}.Release|x86.Build.0 = Release|Any CPU
		{8FA6BD28-477F-4E50-AABD-BF0EAB7D7AE8}.Debug|Any CPU.ActiveCfg = Debug|x64
		{8FA6BD28-477F-4E50-AABD-BF0EAB7D7AE8}.Debug|Any CPU.Build.0 = Debug|x64
		{8FA6BD28-477F-4E50-AABD-BF0EAB7D7AE8}.Debug|x64.ActiveCfg = Debug|x64
		{8FA6BD28-477F-4E50-AABD-BF0EAB7D7AE8}.Debug|x64.Build.0 = Debug|x64
		{8FA6BD28-477F-4E50-AABD-BF0EAB7D7AE8}.Debug|x86.ActiveCfg = Debug|Win32
		{8FA6BD28-477F-4E50-AABD-BF0EAB7D7AE8}.Debug|x86.Build.0 = Debug|Win32
		{8FA6BD28-477F-4E50-AABD-BF0EAB7D7AE8}.Release|Any CPU.ActiveCfg = Release|x64
		{8FA6BD28-477F-4E50-AABD-BF0EAB7D7AE8}.Release|Any CPU.Build.0 = Release|x64
		{8FA6BD28-477F-4E50-AABD-BF0EAB7D7AE8}.Release|x64.ActiveCfg = Release|x64
		{8FA6BD28-477F-4E50-AABD-BF0EAB7D7AE8}.Release|x64.Build.0 = Release|x64
		{8FA6BD28-477F-4E50-AABD-BF0EAB7D7AE8}.Release|x86.ActiveCfg = Release|Win32
		{8FA6BD28-477F-4E50-AABD-BF0EAB7D7AE8}.Release|x86.Build.0 = Release|Win32
		{A7D3EE8A-F531-46FA-A765-6A0E778E7CCD}.Debug|Any CPU.ActiveCfg = Debug|Any CPU
		{A7D3EE8A-F531-46FA-A765-6A0E778E7CCD}.Debug|Any CPU.Build.0 = Debug|Any CPU
		{A7D3EE8A-F531-46FA-A765-6A0E778E7CCD}.Debug|x64.ActiveCfg = Debug|Any CPU
		{A7D3EE8A-F531-46FA-A765-6A0E778E7CCD}.Debug|x64.Build.0 = Debug|Any CPU
		{A7D3EE8A-F531-46FA-A765-6A0E778E7CCD}.Debug|x86.ActiveCfg = Debug|Any CPU
		{A7D3EE8A-F531-46FA-A765-6A0E778E7CCD}.Debug|x86.Build.0 = Debug|Any CPU
		{A7D3EE8A-F531-46FA-A765-6A0E778E7CCD}.Release|Any CPU.ActiveCfg = Release|Any CPU
		{A7D3EE8A-F531-46FA-A765-6A0E778E7CCD}.Release|Any CPU.Build.0 = Release|Any CPU
		{A7D3EE8A-F531-46FA-A765-6A0E778E7CCD}.Release|x64.ActiveCfg = Release|Any CPU
		{A7D3EE8A-F531-46FA-A765-6A0E778E7CCD}.Release|x64.Build.0 = Release|Any CPU
		{A7D3EE8A-F531-46FA-A765-6A0E778E7CCD}.Release|x86.ActiveCfg = Release|Any CPU
		{A7D3EE8A-F531-46FA-A765-6A0E778E7CCD}.Release|x86.Build.0 = Release|Any CPU
		{DCDD43B6-BD4A-49AB-9E25-0EF318353568}.Debug|Any CPU.ActiveCfg = Debug|Any CPU
		{DCDD43B6-BD4A-49AB-9E25-0EF318353568}.Debug|Any CPU.Build.0 = Debug|Any CPU
		{DCDD43B6-BD4A-49AB-9E25-0EF318353568}.Debug|x64.ActiveCfg = Debug|Any CPU
		{DCDD43B6-BD4A-49AB-9E25-0EF318353568}.Debug|x64.Build.0 = Debug|Any CPU
		{DCDD43B6-BD4A-49AB-9E25-0EF318353568}.Debug|x86.ActiveCfg = Debug|Any CPU
		{DCDD43B6-BD4A-49AB-9E25-0EF318353568}.Debug|x86.Build.0 = Debug|Any CPU
		{DCDD43B6-BD4A-49AB-9E25-0EF318353568}.Release|Any CPU.ActiveCfg = Release|Any CPU
		{DCDD43B6-BD4A-49AB-9E25-0EF318353568}.Release|Any CPU.Build.0 = Release|Any CPU
		{DCDD43B6-BD4A-49AB-9E25-0EF318353568}.Release|x64.ActiveCfg = Release|Any CPU
		{DCDD43B6-BD4A-49AB-9E25-0EF318353568}.Release|x64.Build.0 = Release|Any CPU
		{DCDD43B6-BD4A-49AB-9E25-0EF318353568}.Release|x86.ActiveCfg = Release|Any CPU
		{DCDD43B6-BD4A-49AB-9E25-0EF318353568}.Release|x86.Build.0 = Release|Any CPU
		{A5343DC9-D818-4E85-830E-3AB1B3EEF36A}.Debug|Any CPU.ActiveCfg = Debug|Any CPU
		{A5343DC9-D818-4E85-830E-3AB1B3EEF36A}.Debug|Any CPU.Build.0 = Debug|Any CPU
		{A5343DC9-D818-4E85-830E-3AB1B3EEF36A}.Debug|x64.ActiveCfg = Debug|Any CPU
		{A5343DC9-D818-4E85-830E-3AB1B3EEF36A}.Debug|x64.Build.0 = Debug|Any CPU
		{A5343DC9-D818-4E85-830E-3AB1B3EEF36A}.Debug|x86.ActiveCfg = Debug|Any CPU
		{A5343DC9-D818-4E85-830E-3AB1B3EEF36A}.Debug|x86.Build.0 = Debug|Any CPU
		{A5343DC9-D818-4E85-830E-3AB1B3EEF36A}.Release|Any CPU.ActiveCfg = Release|Any CPU
		{A5343DC9-D818-4E85-830E-3AB1B3EEF36A}.Release|Any CPU.Build.0 = Release|Any CPU
		{A5343DC9-D818-4E85-830E-3AB1B3EEF36A}.Release|x64.ActiveCfg = Release|Any CPU
		{A5343DC9-D818-4E85-830E-3AB1B3EEF36A}.Release|x64.Build.0 = Release|Any CPU
		{A5343DC9-D818-4E85-830E-3AB1B3EEF36A}.Release|x86.ActiveCfg = Release|Any CPU
		{A5343DC9-D818-4E85-830E-3AB1B3EEF36A}.Release|x86.Build.0 = Release|Any CPU
		{525328B8-4586-474C-B3E9-9A24C7D5B524}.Debug|Any CPU.ActiveCfg = Debug|Any CPU
		{525328B8-4586-474C-B3E9-9A24C7D5B524}.Debug|Any CPU.Build.0 = Debug|Any CPU
		{525328B8-4586-474C-B3E9-9A24C7D5B524}.Debug|x64.ActiveCfg = Debug|Any CPU
		{525328B8-4586-474C-B3E9-9A24C7D5B524}.Debug|x64.Build.0 = Debug|Any CPU
		{525328B8-4586-474C-B3E9-9A24C7D5B524}.Debug|x86.ActiveCfg = Debug|Any CPU
		{525328B8-4586-474C-B3E9-9A24C7D5B524}.Debug|x86.Build.0 = Debug|Any CPU
		{525328B8-4586-474C-B3E9-9A24C7D5B524}.Release|Any CPU.ActiveCfg = Release|Any CPU
		{525328B8-4586-474C-B3E9-9A24C7D5B524}.Release|Any CPU.Build.0 = Release|Any CPU
		{525328B8-4586-474C-B3E9-9A24C7D5B524}.Release|x64.ActiveCfg = Release|Any CPU
		{525328B8-4586-474C-B3E9-9A24C7D5B524}.Release|x64.Build.0 = Release|Any CPU
		{525328B8-4586-474C-B3E9-9A24C7D5B524}.Release|x86.ActiveCfg = Release|Any CPU
		{525328B8-4586-474C-B3E9-9A24C7D5B524}.Release|x86.Build.0 = Release|Any CPU
		{193657DA-0AD1-4151-8D6E-5608A1BB9F41}.Debug|Any CPU.ActiveCfg = Debug|Any CPU
		{193657DA-0AD1-4151-8D6E-5608A1BB9F41}.Debug|Any CPU.Build.0 = Debug|Any CPU
		{193657DA-0AD1-4151-8D6E-5608A1BB9F41}.Debug|x64.ActiveCfg = Debug|Any CPU
		{193657DA-0AD1-4151-8D6E-5608A1BB9F41}.Debug|x64.Build.0 = Debug|Any CPU
		{193657DA-0AD1-4151-8D6E-5608A1BB9F41}.Debug|x86.ActiveCfg = Debug|Any CPU
		{193657DA-0AD1-4151-8D6E-5608A1BB9F41}.Debug|x86.Build.0 = Debug|Any CPU
		{193657DA-0AD1-4151-8D6E-5608A1BB9F41}.Release|Any CPU.ActiveCfg = Release|Any CPU
		{193657DA-0AD1-4151-8D6E-5608A1BB9F41}.Release|Any CPU.Build.0 = Release|Any CPU
		{193657DA-0AD1-4151-8D6E-5608A1BB9F41}.Release|x64.ActiveCfg = Release|Any CPU
		{193657DA-0AD1-4151-8D6E-5608A1BB9F41}.Release|x64.Build.0 = Release|Any CPU
		{193657DA-0AD1-4151-8D6E-5608A1BB9F41}.Release|x86.ActiveCfg = Release|Any CPU
		{193657DA-0AD1-4151-8D6E-5608A1BB9F41}.Release|x86.Build.0 = Release|Any CPU
		{3EAD1073-79C7-4F17-A3D2-94C463AE53E2}.Debug|Any CPU.ActiveCfg = Debug|Any CPU
		{3EAD1073-79C7-4F17-A3D2-94C463AE53E2}.Debug|Any CPU.Build.0 = Debug|Any CPU
		{3EAD1073-79C7-4F17-A3D2-94C463AE53E2}.Debug|x64.ActiveCfg = Debug|Any CPU
		{3EAD1073-79C7-4F17-A3D2-94C463AE53E2}.Debug|x64.Build.0 = Debug|Any CPU
		{3EAD1073-79C7-4F17-A3D2-94C463AE53E2}.Debug|x86.ActiveCfg = Debug|Any CPU
		{3EAD1073-79C7-4F17-A3D2-94C463AE53E2}.Debug|x86.Build.0 = Debug|Any CPU
		{3EAD1073-79C7-4F17-A3D2-94C463AE53E2}.Release|Any CPU.ActiveCfg = Release|Any CPU
		{3EAD1073-79C7-4F17-A3D2-94C463AE53E2}.Release|Any CPU.Build.0 = Release|Any CPU
		{3EAD1073-79C7-4F17-A3D2-94C463AE53E2}.Release|x64.ActiveCfg = Release|Any CPU
		{3EAD1073-79C7-4F17-A3D2-94C463AE53E2}.Release|x64.Build.0 = Release|Any CPU
		{3EAD1073-79C7-4F17-A3D2-94C463AE53E2}.Release|x86.ActiveCfg = Release|Any CPU
		{3EAD1073-79C7-4F17-A3D2-94C463AE53E2}.Release|x86.Build.0 = Release|Any CPU
		{FFD83A21-C9D6-4687-8B16-9B56B7A46BBF}.Debug|Any CPU.ActiveCfg = Debug|Any CPU
		{FFD83A21-C9D6-4687-8B16-9B56B7A46BBF}.Debug|Any CPU.Build.0 = Debug|Any CPU
		{FFD83A21-C9D6-4687-8B16-9B56B7A46BBF}.Debug|x64.ActiveCfg = Debug|Any CPU
		{FFD83A21-C9D6-4687-8B16-9B56B7A46BBF}.Debug|x64.Build.0 = Debug|Any CPU
		{FFD83A21-C9D6-4687-8B16-9B56B7A46BBF}.Debug|x86.ActiveCfg = Debug|Any CPU
		{FFD83A21-C9D6-4687-8B16-9B56B7A46BBF}.Debug|x86.Build.0 = Debug|Any CPU
		{FFD83A21-C9D6-4687-8B16-9B56B7A46BBF}.Release|Any CPU.ActiveCfg = Release|Any CPU
		{FFD83A21-C9D6-4687-8B16-9B56B7A46BBF}.Release|Any CPU.Build.0 = Release|Any CPU
		{FFD83A21-C9D6-4687-8B16-9B56B7A46BBF}.Release|x64.ActiveCfg = Release|Any CPU
		{FFD83A21-C9D6-4687-8B16-9B56B7A46BBF}.Release|x64.Build.0 = Release|Any CPU
		{FFD83A21-C9D6-4687-8B16-9B56B7A46BBF}.Release|x86.ActiveCfg = Release|Any CPU
		{FFD83A21-C9D6-4687-8B16-9B56B7A46BBF}.Release|x86.Build.0 = Release|Any CPU
		{0A824EC8-62A7-4280-8260-10AEAF6E57C7}.Debug|Any CPU.ActiveCfg = Debug|Any CPU
		{0A824EC8-62A7-4280-8260-10AEAF6E57C7}.Debug|Any CPU.Build.0 = Debug|Any CPU
		{0A824EC8-62A7-4280-8260-10AEAF6E57C7}.Debug|x64.ActiveCfg = Debug|Any CPU
		{0A824EC8-62A7-4280-8260-10AEAF6E57C7}.Debug|x64.Build.0 = Debug|Any CPU
		{0A824EC8-62A7-4280-8260-10AEAF6E57C7}.Debug|x86.ActiveCfg = Debug|Any CPU
		{0A824EC8-62A7-4280-8260-10AEAF6E57C7}.Debug|x86.Build.0 = Debug|Any CPU
		{0A824EC8-62A7-4280-8260-10AEAF6E57C7}.Release|Any CPU.ActiveCfg = Release|Any CPU
		{0A824EC8-62A7-4280-8260-10AEAF6E57C7}.Release|Any CPU.Build.0 = Release|Any CPU
		{0A824EC8-62A7-4280-8260-10AEAF6E57C7}.Release|x64.ActiveCfg = Release|Any CPU
		{0A824EC8-62A7-4280-8260-10AEAF6E57C7}.Release|x64.Build.0 = Release|Any CPU
		{0A824EC8-62A7-4280-8260-10AEAF6E57C7}.Release|x86.ActiveCfg = Release|Any CPU
		{0A824EC8-62A7-4280-8260-10AEAF6E57C7}.Release|x86.Build.0 = Release|Any CPU
		{1900AD5D-060C-4CEA-9775-107DD68BCE1B}.Debug|Any CPU.ActiveCfg = Debug|Any CPU
		{1900AD5D-060C-4CEA-9775-107DD68BCE1B}.Debug|Any CPU.Build.0 = Debug|Any CPU
		{1900AD5D-060C-4CEA-9775-107DD68BCE1B}.Debug|x64.ActiveCfg = Debug|Any CPU
		{1900AD5D-060C-4CEA-9775-107DD68BCE1B}.Debug|x64.Build.0 = Debug|Any CPU
		{1900AD5D-060C-4CEA-9775-107DD68BCE1B}.Debug|x86.ActiveCfg = Debug|Any CPU
		{1900AD5D-060C-4CEA-9775-107DD68BCE1B}.Debug|x86.Build.0 = Debug|Any CPU
		{1900AD5D-060C-4CEA-9775-107DD68BCE1B}.Release|Any CPU.ActiveCfg = Release|Any CPU
		{1900AD5D-060C-4CEA-9775-107DD68BCE1B}.Release|Any CPU.Build.0 = Release|Any CPU
		{1900AD5D-060C-4CEA-9775-107DD68BCE1B}.Release|x64.ActiveCfg = Release|Any CPU
		{1900AD5D-060C-4CEA-9775-107DD68BCE1B}.Release|x64.Build.0 = Release|Any CPU
		{1900AD5D-060C-4CEA-9775-107DD68BCE1B}.Release|x86.ActiveCfg = Release|Any CPU
		{1900AD5D-060C-4CEA-9775-107DD68BCE1B}.Release|x86.Build.0 = Release|Any CPU
		{B0C38C6A-32D7-459F-A3C2-582BD928B1EF}.Debug|Any CPU.ActiveCfg = Debug|Any CPU
		{B0C38C6A-32D7-459F-A3C2-582BD928B1EF}.Debug|Any CPU.Build.0 = Debug|Any CPU
		{B0C38C6A-32D7-459F-A3C2-582BD928B1EF}.Debug|x64.ActiveCfg = Debug|Any CPU
		{B0C38C6A-32D7-459F-A3C2-582BD928B1EF}.Debug|x64.Build.0 = Debug|Any CPU
		{B0C38C6A-32D7-459F-A3C2-582BD928B1EF}.Debug|x86.ActiveCfg = Debug|Any CPU
		{B0C38C6A-32D7-459F-A3C2-582BD928B1EF}.Debug|x86.Build.0 = Debug|Any CPU
		{B0C38C6A-32D7-459F-A3C2-582BD928B1EF}.Release|Any CPU.ActiveCfg = Release|Any CPU
		{B0C38C6A-32D7-459F-A3C2-582BD928B1EF}.Release|Any CPU.Build.0 = Release|Any CPU
		{B0C38C6A-32D7-459F-A3C2-582BD928B1EF}.Release|x64.ActiveCfg = Release|Any CPU
		{B0C38C6A-32D7-459F-A3C2-582BD928B1EF}.Release|x64.Build.0 = Release|Any CPU
		{B0C38C6A-32D7-459F-A3C2-582BD928B1EF}.Release|x86.ActiveCfg = Release|Any CPU
		{B0C38C6A-32D7-459F-A3C2-582BD928B1EF}.Release|x86.Build.0 = Release|Any CPU
		{F505D50F-1D8E-4E5C-96E8-9E062436B1ED}.Debug|Any CPU.ActiveCfg = Debug|Any CPU
		{F505D50F-1D8E-4E5C-96E8-9E062436B1ED}.Debug|Any CPU.Build.0 = Debug|Any CPU
		{F505D50F-1D8E-4E5C-96E8-9E062436B1ED}.Debug|x64.ActiveCfg = Debug|Any CPU
		{F505D50F-1D8E-4E5C-96E8-9E062436B1ED}.Debug|x64.Build.0 = Debug|Any CPU
		{F505D50F-1D8E-4E5C-96E8-9E062436B1ED}.Debug|x86.ActiveCfg = Debug|Any CPU
		{F505D50F-1D8E-4E5C-96E8-9E062436B1ED}.Debug|x86.Build.0 = Debug|Any CPU
		{F505D50F-1D8E-4E5C-96E8-9E062436B1ED}.Release|Any CPU.ActiveCfg = Release|Any CPU
		{F505D50F-1D8E-4E5C-96E8-9E062436B1ED}.Release|Any CPU.Build.0 = Release|Any CPU
		{F505D50F-1D8E-4E5C-96E8-9E062436B1ED}.Release|x64.ActiveCfg = Release|Any CPU
		{F505D50F-1D8E-4E5C-96E8-9E062436B1ED}.Release|x64.Build.0 = Release|Any CPU
		{F505D50F-1D8E-4E5C-96E8-9E062436B1ED}.Release|x86.ActiveCfg = Release|Any CPU
		{F505D50F-1D8E-4E5C-96E8-9E062436B1ED}.Release|x86.Build.0 = Release|Any CPU
		{51FA07D5-BBC2-4D67-A21E-77E3542713FB}.Debug|Any CPU.ActiveCfg = Debug|Any CPU
		{51FA07D5-BBC2-4D67-A21E-77E3542713FB}.Debug|Any CPU.Build.0 = Debug|Any CPU
		{51FA07D5-BBC2-4D67-A21E-77E3542713FB}.Debug|x64.ActiveCfg = Debug|Any CPU
		{51FA07D5-BBC2-4D67-A21E-77E3542713FB}.Debug|x64.Build.0 = Debug|Any CPU
		{51FA07D5-BBC2-4D67-A21E-77E3542713FB}.Debug|x86.ActiveCfg = Debug|Any CPU
		{51FA07D5-BBC2-4D67-A21E-77E3542713FB}.Debug|x86.Build.0 = Debug|Any CPU
		{51FA07D5-BBC2-4D67-A21E-77E3542713FB}.Release|Any CPU.ActiveCfg = Release|Any CPU
		{51FA07D5-BBC2-4D67-A21E-77E3542713FB}.Release|Any CPU.Build.0 = Release|Any CPU
		{51FA07D5-BBC2-4D67-A21E-77E3542713FB}.Release|x64.ActiveCfg = Release|Any CPU
		{51FA07D5-BBC2-4D67-A21E-77E3542713FB}.Release|x64.Build.0 = Release|Any CPU
		{51FA07D5-BBC2-4D67-A21E-77E3542713FB}.Release|x86.ActiveCfg = Release|Any CPU
		{51FA07D5-BBC2-4D67-A21E-77E3542713FB}.Release|x86.Build.0 = Release|Any CPU
		{45CA80E8-95A0-488F-B127-CAB9C37BCD75}.Debug|Any CPU.ActiveCfg = Debug|Any CPU
		{45CA80E8-95A0-488F-B127-CAB9C37BCD75}.Debug|Any CPU.Build.0 = Debug|Any CPU
		{45CA80E8-95A0-488F-B127-CAB9C37BCD75}.Debug|x64.ActiveCfg = Debug|Any CPU
		{45CA80E8-95A0-488F-B127-CAB9C37BCD75}.Debug|x64.Build.0 = Debug|Any CPU
		{45CA80E8-95A0-488F-B127-CAB9C37BCD75}.Debug|x86.ActiveCfg = Debug|Any CPU
		{45CA80E8-95A0-488F-B127-CAB9C37BCD75}.Debug|x86.Build.0 = Debug|Any CPU
		{45CA80E8-95A0-488F-B127-CAB9C37BCD75}.Release|Any CPU.ActiveCfg = Release|Any CPU
		{45CA80E8-95A0-488F-B127-CAB9C37BCD75}.Release|Any CPU.Build.0 = Release|Any CPU
		{45CA80E8-95A0-488F-B127-CAB9C37BCD75}.Release|x64.ActiveCfg = Release|Any CPU
		{45CA80E8-95A0-488F-B127-CAB9C37BCD75}.Release|x64.Build.0 = Release|Any CPU
		{45CA80E8-95A0-488F-B127-CAB9C37BCD75}.Release|x86.ActiveCfg = Release|Any CPU
		{45CA80E8-95A0-488F-B127-CAB9C37BCD75}.Release|x86.Build.0 = Release|Any CPU
		{F0C26254-76CB-483B-A651-2FC4D13A9254}.Debug|Any CPU.ActiveCfg = Debug|Any CPU
		{F0C26254-76CB-483B-A651-2FC4D13A9254}.Debug|Any CPU.Build.0 = Debug|Any CPU
		{F0C26254-76CB-483B-A651-2FC4D13A9254}.Debug|x64.ActiveCfg = Debug|Any CPU
		{F0C26254-76CB-483B-A651-2FC4D13A9254}.Debug|x64.Build.0 = Debug|Any CPU
		{F0C26254-76CB-483B-A651-2FC4D13A9254}.Debug|x86.ActiveCfg = Debug|Any CPU
		{F0C26254-76CB-483B-A651-2FC4D13A9254}.Debug|x86.Build.0 = Debug|Any CPU
		{F0C26254-76CB-483B-A651-2FC4D13A9254}.Release|Any CPU.ActiveCfg = Release|Any CPU
		{F0C26254-76CB-483B-A651-2FC4D13A9254}.Release|Any CPU.Build.0 = Release|Any CPU
		{F0C26254-76CB-483B-A651-2FC4D13A9254}.Release|x64.ActiveCfg = Release|Any CPU
		{F0C26254-76CB-483B-A651-2FC4D13A9254}.Release|x64.Build.0 = Release|Any CPU
		{F0C26254-76CB-483B-A651-2FC4D13A9254}.Release|x86.ActiveCfg = Release|Any CPU
		{F0C26254-76CB-483B-A651-2FC4D13A9254}.Release|x86.Build.0 = Release|Any CPU
		{EA7865EF-6DB2-4134-B54C-B97AD46C18E2}.Debug|Any CPU.ActiveCfg = Debug|Any CPU
		{EA7865EF-6DB2-4134-B54C-B97AD46C18E2}.Debug|Any CPU.Build.0 = Debug|Any CPU
		{EA7865EF-6DB2-4134-B54C-B97AD46C18E2}.Debug|x64.ActiveCfg = Debug|Any CPU
		{EA7865EF-6DB2-4134-B54C-B97AD46C18E2}.Debug|x64.Build.0 = Debug|Any CPU
		{EA7865EF-6DB2-4134-B54C-B97AD46C18E2}.Debug|x86.ActiveCfg = Debug|Any CPU
		{EA7865EF-6DB2-4134-B54C-B97AD46C18E2}.Debug|x86.Build.0 = Debug|Any CPU
		{EA7865EF-6DB2-4134-B54C-B97AD46C18E2}.Release|Any CPU.ActiveCfg = Release|Any CPU
		{EA7865EF-6DB2-4134-B54C-B97AD46C18E2}.Release|Any CPU.Build.0 = Release|Any CPU
		{EA7865EF-6DB2-4134-B54C-B97AD46C18E2}.Release|x64.ActiveCfg = Release|Any CPU
		{EA7865EF-6DB2-4134-B54C-B97AD46C18E2}.Release|x64.Build.0 = Release|Any CPU
		{EA7865EF-6DB2-4134-B54C-B97AD46C18E2}.Release|x86.ActiveCfg = Release|Any CPU
		{EA7865EF-6DB2-4134-B54C-B97AD46C18E2}.Release|x86.Build.0 = Release|Any CPU
		{074D347C-B2E6-451E-B30C-F7E267381A79}.Debug|Any CPU.ActiveCfg = Debug|Any CPU
		{074D347C-B2E6-451E-B30C-F7E267381A79}.Debug|Any CPU.Build.0 = Debug|Any CPU
		{074D347C-B2E6-451E-B30C-F7E267381A79}.Debug|x64.ActiveCfg = Debug|Any CPU
		{074D347C-B2E6-451E-B30C-F7E267381A79}.Debug|x64.Build.0 = Debug|Any CPU
		{074D347C-B2E6-451E-B30C-F7E267381A79}.Debug|x86.ActiveCfg = Debug|Any CPU
		{074D347C-B2E6-451E-B30C-F7E267381A79}.Debug|x86.Build.0 = Debug|Any CPU
		{074D347C-B2E6-451E-B30C-F7E267381A79}.Release|Any CPU.ActiveCfg = Release|Any CPU
		{074D347C-B2E6-451E-B30C-F7E267381A79}.Release|Any CPU.Build.0 = Release|Any CPU
		{074D347C-B2E6-451E-B30C-F7E267381A79}.Release|x64.ActiveCfg = Release|Any CPU
		{074D347C-B2E6-451E-B30C-F7E267381A79}.Release|x64.Build.0 = Release|Any CPU
		{074D347C-B2E6-451E-B30C-F7E267381A79}.Release|x86.ActiveCfg = Release|Any CPU
		{074D347C-B2E6-451E-B30C-F7E267381A79}.Release|x86.Build.0 = Release|Any CPU
		{3511A216-D240-486A-A566-8EE352416E5F}.Debug|Any CPU.ActiveCfg = Debug|Any CPU
		{3511A216-D240-486A-A566-8EE352416E5F}.Debug|Any CPU.Build.0 = Debug|Any CPU
		{3511A216-D240-486A-A566-8EE352416E5F}.Debug|x64.ActiveCfg = Debug|Any CPU
		{3511A216-D240-486A-A566-8EE352416E5F}.Debug|x64.Build.0 = Debug|Any CPU
		{3511A216-D240-486A-A566-8EE352416E5F}.Debug|x86.ActiveCfg = Debug|Any CPU
		{3511A216-D240-486A-A566-8EE352416E5F}.Debug|x86.Build.0 = Debug|Any CPU
		{3511A216-D240-486A-A566-8EE352416E5F}.Release|Any CPU.ActiveCfg = Release|Any CPU
		{3511A216-D240-486A-A566-8EE352416E5F}.Release|Any CPU.Build.0 = Release|Any CPU
		{3511A216-D240-486A-A566-8EE352416E5F}.Release|x64.ActiveCfg = Release|Any CPU
		{3511A216-D240-486A-A566-8EE352416E5F}.Release|x64.Build.0 = Release|Any CPU
		{3511A216-D240-486A-A566-8EE352416E5F}.Release|x86.ActiveCfg = Release|Any CPU
		{3511A216-D240-486A-A566-8EE352416E5F}.Release|x86.Build.0 = Release|Any CPU
		{B6FE1935-3FC8-4A8A-A405-DF50797B9DB3}.Debug|Any CPU.ActiveCfg = Debug|Any CPU
		{B6FE1935-3FC8-4A8A-A405-DF50797B9DB3}.Debug|Any CPU.Build.0 = Debug|Any CPU
		{B6FE1935-3FC8-4A8A-A405-DF50797B9DB3}.Debug|x64.ActiveCfg = Debug|Any CPU
		{B6FE1935-3FC8-4A8A-A405-DF50797B9DB3}.Debug|x64.Build.0 = Debug|Any CPU
		{B6FE1935-3FC8-4A8A-A405-DF50797B9DB3}.Debug|x86.ActiveCfg = Debug|Any CPU
		{B6FE1935-3FC8-4A8A-A405-DF50797B9DB3}.Debug|x86.Build.0 = Debug|Any CPU
		{B6FE1935-3FC8-4A8A-A405-DF50797B9DB3}.Release|Any CPU.ActiveCfg = Release|Any CPU
		{B6FE1935-3FC8-4A8A-A405-DF50797B9DB3}.Release|Any CPU.Build.0 = Release|Any CPU
		{B6FE1935-3FC8-4A8A-A405-DF50797B9DB3}.Release|x64.ActiveCfg = Release|Any CPU
		{B6FE1935-3FC8-4A8A-A405-DF50797B9DB3}.Release|x64.Build.0 = Release|Any CPU
		{B6FE1935-3FC8-4A8A-A405-DF50797B9DB3}.Release|x86.ActiveCfg = Release|Any CPU
		{B6FE1935-3FC8-4A8A-A405-DF50797B9DB3}.Release|x86.Build.0 = Release|Any CPU
		{2DA1E808-D480-4FCE-BD60-3B1A6D421169}.Debug|Any CPU.ActiveCfg = Debug|Any CPU
		{2DA1E808-D480-4FCE-BD60-3B1A6D421169}.Debug|Any CPU.Build.0 = Debug|Any CPU
		{2DA1E808-D480-4FCE-BD60-3B1A6D421169}.Debug|x64.ActiveCfg = Debug|Any CPU
		{2DA1E808-D480-4FCE-BD60-3B1A6D421169}.Debug|x64.Build.0 = Debug|Any CPU
		{2DA1E808-D480-4FCE-BD60-3B1A6D421169}.Debug|x86.ActiveCfg = Debug|Any CPU
		{2DA1E808-D480-4FCE-BD60-3B1A6D421169}.Debug|x86.Build.0 = Debug|Any CPU
		{2DA1E808-D480-4FCE-BD60-3B1A6D421169}.Release|Any CPU.ActiveCfg = Release|Any CPU
		{2DA1E808-D480-4FCE-BD60-3B1A6D421169}.Release|Any CPU.Build.0 = Release|Any CPU
		{2DA1E808-D480-4FCE-BD60-3B1A6D421169}.Release|x64.ActiveCfg = Release|Any CPU
		{2DA1E808-D480-4FCE-BD60-3B1A6D421169}.Release|x64.Build.0 = Release|Any CPU
		{2DA1E808-D480-4FCE-BD60-3B1A6D421169}.Release|x86.ActiveCfg = Release|Any CPU
		{2DA1E808-D480-4FCE-BD60-3B1A6D421169}.Release|x86.Build.0 = Release|Any CPU
		{634E79C0-9CC3-4ECB-8853-85EE5EEC48E2}.Debug|Any CPU.ActiveCfg = Debug|Any CPU
		{634E79C0-9CC3-4ECB-8853-85EE5EEC48E2}.Debug|Any CPU.Build.0 = Debug|Any CPU
		{634E79C0-9CC3-4ECB-8853-85EE5EEC48E2}.Debug|x64.ActiveCfg = Debug|Any CPU
		{634E79C0-9CC3-4ECB-8853-85EE5EEC48E2}.Debug|x64.Build.0 = Debug|Any CPU
		{634E79C0-9CC3-4ECB-8853-85EE5EEC48E2}.Debug|x86.ActiveCfg = Debug|Any CPU
		{634E79C0-9CC3-4ECB-8853-85EE5EEC48E2}.Debug|x86.Build.0 = Debug|Any CPU
		{634E79C0-9CC3-4ECB-8853-85EE5EEC48E2}.Release|Any CPU.ActiveCfg = Release|Any CPU
		{634E79C0-9CC3-4ECB-8853-85EE5EEC48E2}.Release|Any CPU.Build.0 = Release|Any CPU
		{634E79C0-9CC3-4ECB-8853-85EE5EEC48E2}.Release|x64.ActiveCfg = Release|Any CPU
		{634E79C0-9CC3-4ECB-8853-85EE5EEC48E2}.Release|x64.Build.0 = Release|Any CPU
		{634E79C0-9CC3-4ECB-8853-85EE5EEC48E2}.Release|x86.ActiveCfg = Release|Any CPU
		{634E79C0-9CC3-4ECB-8853-85EE5EEC48E2}.Release|x86.Build.0 = Release|Any CPU
	EndGlobalSection
	GlobalSection(SolutionProperties) = preSolution
		HideSolutionNode = FALSE
	EndGlobalSection
	GlobalSection(ExtensibilityGlobals) = postSolution
		SolutionGuid = {576D64C9-584B-49ED-A337-26BA154BE13B}
	EndGlobalSection
EndGlobal
